// !$*UTF8*$!
{
	archiveVersion = 1;
	classes = {
	};
	objectVersion = 50;
	objects = {

/* Begin PBXBuildFile section */
		6269C21A2EB0C36E00C96AA1 /* AppAuth.framework in Frameworks */ = {isa = PBXBuildFile; fileRef = 6269C1E42EB0C36E00C96AA1 /* AppAuth.framework */; };
		6269C21B2EB0C36E00C96AA1 /* libGosuSDK.a in Frameworks */ = {isa = PBXBuildFile; fileRef = 6269C2182EB0C36E00C96AA1 /* libGosuSDK.a */; };
		6269C2442EB0C36E00C96AA1 /* SDKDataResource.bundle in Resources */ = {isa = PBXBuildFile; fileRef = 6269C2192EB0C36E00C96AA1 /* SDKDataResource.bundle */; };
		6269C2472EB0C39700C96AA1 /* absl.framework in Frameworks */ = {isa = PBXBuildFile; fileRef = 6269C1FD2EB0C36E00C96AA1 /* absl.framework */; };
		6269C2482EB0C39800C96AA1 /* absl.framework in Embed Frameworks */ = {isa = PBXBuildFile; fileRef = 6269C1FD2EB0C36E00C96AA1 /* absl.framework */; settings = {ATTRIBUTES = (CodeSignOnCopy, RemoveHeadersOnCopy, ); }; };
		6269C24B2EB0C3FC00C96AA1 /* FBAEMKit.framework in Frameworks */ = {isa = PBXBuildFile; fileRef = 6269C1DF2EB0C36E00C96AA1 /* FBAEMKit.framework */; };
		6269C24C2EB0C3FC00C96AA1 /* FBAEMKit.framework in Embed Frameworks */ = {isa = PBXBuildFile; fileRef = 6269C1DF2EB0C36E00C96AA1 /* FBAEMKit.framework */; settings = {ATTRIBUTES = (CodeSignOnCopy, RemoveHeadersOnCopy, ); }; };
		6269C24D2EB0C40000C96AA1 /* FBLPromises.framework in Frameworks */ = {isa = PBXBuildFile; fileRef = 6269C1E52EB0C36E00C96AA1 /* FBLPromises.framework */; };
		6269C24E2EB0C40100C96AA1 /* FBLPromises.framework in Embed Frameworks */ = {isa = PBXBuildFile; fileRef = 6269C1E52EB0C36E00C96AA1 /* FBLPromises.framework */; settings = {ATTRIBUTES = (CodeSignOnCopy, RemoveHeadersOnCopy, ); }; };
		6269C24F2EB0C40200C96AA1 /* FBSDKCoreKit_Basics.framework in Frameworks */ = {isa = PBXBuildFile; fileRef = 6269C1E12EB0C36E00C96AA1 /* FBSDKCoreKit_Basics.framework */; };
		6269C2502EB0C40200C96AA1 /* FBSDKCoreKit_Basics.framework in Embed Frameworks */ = {isa = PBXBuildFile; fileRef = 6269C1E12EB0C36E00C96AA1 /* FBSDKCoreKit_Basics.framework */; settings = {ATTRIBUTES = (CodeSignOnCopy, RemoveHeadersOnCopy, ); }; };
		6269C2512EB0C40300C96AA1 /* FBSDKCoreKit.framework in Frameworks */ = {isa = PBXBuildFile; fileRef = 6269C1E02EB0C36E00C96AA1 /* FBSDKCoreKit.framework */; };
		6269C2522EB0C40400C96AA1 /* FBSDKCoreKit.framework in Embed Frameworks */ = {isa = PBXBuildFile; fileRef = 6269C1E02EB0C36E00C96AA1 /* FBSDKCoreKit.framework */; settings = {ATTRIBUTES = (CodeSignOnCopy, RemoveHeadersOnCopy, ); }; };
		6269C2532EB0C40500C96AA1 /* FBSDKLoginKit.framework in Frameworks */ = {isa = PBXBuildFile; fileRef = 6269C1E22EB0C36E00C96AA1 /* FBSDKLoginKit.framework */; };
		6269C2542EB0C40500C96AA1 /* FBSDKLoginKit.framework in Embed Frameworks */ = {isa = PBXBuildFile; fileRef = 6269C1E22EB0C36E00C96AA1 /* FBSDKLoginKit.framework */; settings = {ATTRIBUTES = (CodeSignOnCopy, RemoveHeadersOnCopy, ); }; };
		6269C2552EB0C40700C96AA1 /* FirebaseABTesting.framework in Frameworks */ = {isa = PBXBuildFile; fileRef = 6269C1E62EB0C36E00C96AA1 /* FirebaseABTesting.framework */; };
		6269C2562EB0C40700C96AA1 /* FirebaseABTesting.framework in Embed Frameworks */ = {isa = PBXBuildFile; fileRef = 6269C1E62EB0C36E00C96AA1 /* FirebaseABTesting.framework */; settings = {ATTRIBUTES = (CodeSignOnCopy, RemoveHeadersOnCopy, ); }; };
		6269C2572EB0C40900C96AA1 /* FirebaseAnalytics.framework in Frameworks */ = {isa = PBXBuildFile; fileRef = 6269C1E72EB0C36E00C96AA1 /* FirebaseAnalytics.framework */; };
		6269C2582EB0C40900C96AA1 /* FirebaseAnalytics.framework in Embed Frameworks */ = {isa = PBXBuildFile; fileRef = 6269C1E72EB0C36E00C96AA1 /* FirebaseAnalytics.framework */; settings = {ATTRIBUTES = (CodeSignOnCopy, RemoveHeadersOnCopy, ); }; };
		6269C2592EB0C40A00C96AA1 /* FirebaseCore.framework in Frameworks */ = {isa = PBXBuildFile; fileRef = 6269C1E82EB0C36E00C96AA1 /* FirebaseCore.framework */; };
		6269C25A2EB0C40A00C96AA1 /* FirebaseCore.framework in Embed Frameworks */ = {isa = PBXBuildFile; fileRef = 6269C1E82EB0C36E00C96AA1 /* FirebaseCore.framework */; settings = {ATTRIBUTES = (CodeSignOnCopy, RemoveHeadersOnCopy, ); }; };
		6269C25B2EB0C40C00C96AA1 /* FirebaseCoreExtension.framework in Frameworks */ = {isa = PBXBuildFile; fileRef = 6269C1E92EB0C36E00C96AA1 /* FirebaseCoreExtension.framework */; };
		6269C25C2EB0C40C00C96AA1 /* FirebaseCoreExtension.framework in Embed Frameworks */ = {isa = PBXBuildFile; fileRef = 6269C1E92EB0C36E00C96AA1 /* FirebaseCoreExtension.framework */; settings = {ATTRIBUTES = (CodeSignOnCopy, RemoveHeadersOnCopy, ); }; };
		6269C25D2EB0C40E00C96AA1 /* FirebaseCoreInternal.framework in Frameworks */ = {isa = PBXBuildFile; fileRef = 6269C1EA2EB0C36E00C96AA1 /* FirebaseCoreInternal.framework */; };
		6269C25E2EB0C40E00C96AA1 /* FirebaseCoreInternal.framework in Embed Frameworks */ = {isa = PBXBuildFile; fileRef = 6269C1EA2EB0C36E00C96AA1 /* FirebaseCoreInternal.framework */; settings = {ATTRIBUTES = (CodeSignOnCopy, RemoveHeadersOnCopy, ); }; };
		6269C25F2EB0C41000C96AA1 /* FirebaseCrashlytics.framework in Frameworks */ = {isa = PBXBuildFile; fileRef = 6269C1EB2EB0C36E00C96AA1 /* FirebaseCrashlytics.framework */; };
		6269C2602EB0C41000C96AA1 /* FirebaseCrashlytics.framework in Embed Frameworks */ = {isa = PBXBuildFile; fileRef = 6269C1EB2EB0C36E00C96AA1 /* FirebaseCrashlytics.framework */; settings = {ATTRIBUTES = (CodeSignOnCopy, RemoveHeadersOnCopy, ); }; };
		6269C2612EB0C41200C96AA1 /* FirebaseInstallations.framework in Frameworks */ = {isa = PBXBuildFile; fileRef = 6269C1EC2EB0C36E00C96AA1 /* FirebaseInstallations.framework */; };
		6269C2622EB0C41200C96AA1 /* FirebaseInstallations.framework in Embed Frameworks */ = {isa = PBXBuildFile; fileRef = 6269C1EC2EB0C36E00C96AA1 /* FirebaseInstallations.framework */; settings = {ATTRIBUTES = (CodeSignOnCopy, RemoveHeadersOnCopy, ); }; };
		6269C2632EB0C41400C96AA1 /* FirebaseMessaging.framework in Frameworks */ = {isa = PBXBuildFile; fileRef = 6269C1ED2EB0C36E00C96AA1 /* FirebaseMessaging.framework */; };
		6269C2642EB0C41400C96AA1 /* FirebaseMessaging.framework in Embed Frameworks */ = {isa = PBXBuildFile; fileRef = 6269C1ED2EB0C36E00C96AA1 /* FirebaseMessaging.framework */; settings = {ATTRIBUTES = (CodeSignOnCopy, RemoveHeadersOnCopy, ); }; };
		6269C2652EB0C41500C96AA1 /* FirebasePerformance.framework in Frameworks */ = {isa = PBXBuildFile; fileRef = 6269C1EE2EB0C36E00C96AA1 /* FirebasePerformance.framework */; };
		6269C2662EB0C41500C96AA1 /* FirebasePerformance.framework in Embed Frameworks */ = {isa = PBXBuildFile; fileRef = 6269C1EE2EB0C36E00C96AA1 /* FirebasePerformance.framework */; settings = {ATTRIBUTES = (CodeSignOnCopy, RemoveHeadersOnCopy, ); }; };
		6269C2672EB0C41700C96AA1 /* FirebaseRemoteConfig.framework in Frameworks */ = {isa = PBXBuildFile; fileRef = 6269C1EF2EB0C36E00C96AA1 /* FirebaseRemoteConfig.framework */; };
		6269C2682EB0C41700C96AA1 /* FirebaseRemoteConfig.framework in Embed Frameworks */ = {isa = PBXBuildFile; fileRef = 6269C1EF2EB0C36E00C96AA1 /* FirebaseRemoteConfig.framework */; settings = {ATTRIBUTES = (CodeSignOnCopy, RemoveHeadersOnCopy, ); }; };
		6269C2692EB0C42100C96AA1 /* FirebaseRemoteConfigInterop.framework in Frameworks */ = {isa = PBXBuildFile; fileRef = 6269C1F02EB0C36E00C96AA1 /* FirebaseRemoteConfigInterop.framework */; };
		6269C26A2EB0C42100C96AA1 /* FirebaseRemoteConfigInterop.framework in Embed Frameworks */ = {isa = PBXBuildFile; fileRef = 6269C1F02EB0C36E00C96AA1 /* FirebaseRemoteConfigInterop.framework */; settings = {ATTRIBUTES = (CodeSignOnCopy, RemoveHeadersOnCopy, ); }; };
		6269C26B2EB0C42300C96AA1 /* FirebaseSessions.framework in Frameworks */ = {isa = PBXBuildFile; fileRef = 6269C1F12EB0C36E00C96AA1 /* FirebaseSessions.framework */; };
		6269C26C2EB0C42300C96AA1 /* FirebaseSessions.framework in Embed Frameworks */ = {isa = PBXBuildFile; fileRef = 6269C1F12EB0C36E00C96AA1 /* FirebaseSessions.framework */; settings = {ATTRIBUTES = (CodeSignOnCopy, RemoveHeadersOnCopy, ); }; };
		6269C26D2EB0C42400C96AA1 /* FirebaseSharedSwift.framework in Frameworks */ = {isa = PBXBuildFile; fileRef = 6269C1F22EB0C36E00C96AA1 /* FirebaseSharedSwift.framework */; };
		6269C26E2EB0C42400C96AA1 /* FirebaseSharedSwift.framework in Embed Frameworks */ = {isa = PBXBuildFile; fileRef = 6269C1F22EB0C36E00C96AA1 /* FirebaseSharedSwift.framework */; settings = {ATTRIBUTES = (CodeSignOnCopy, RemoveHeadersOnCopy, ); }; };
		6269C26F2EB0C42700C96AA1 /* GoogleAppMeasurement.framework in Frameworks */ = {isa = PBXBuildFile; fileRef = 6269C1F32EB0C36E00C96AA1 /* GoogleAppMeasurement.framework */; };
		6269C2702EB0C42700C96AA1 /* GoogleAppMeasurement.framework in Embed Frameworks */ = {isa = PBXBuildFile; fileRef = 6269C1F32EB0C36E00C96AA1 /* GoogleAppMeasurement.framework */; settings = {ATTRIBUTES = (CodeSignOnCopy, RemoveHeadersOnCopy, ); }; };
		6269C2712EB0C42800C96AA1 /* GoogleAppMeasurementIdentitySupport.framework in Frameworks */ = {isa = PBXBuildFile; fileRef = 6269C1F42EB0C36E00C96AA1 /* GoogleAppMeasurementIdentitySupport.framework */; };
		6269C2722EB0C42800C96AA1 /* GoogleAppMeasurementIdentitySupport.framework in Embed Frameworks */ = {isa = PBXBuildFile; fileRef = 6269C1F42EB0C36E00C96AA1 /* GoogleAppMeasurementIdentitySupport.framework */; settings = {ATTRIBUTES = (CodeSignOnCopy, RemoveHeadersOnCopy, ); }; };
		6269C2732EB0C42A00C96AA1 /* GoogleDataTransport.framework in Frameworks */ = {isa = PBXBuildFile; fileRef = 6269C1F52EB0C36E00C96AA1 /* GoogleDataTransport.framework */; };
		6269C2742EB0C42A00C96AA1 /* GoogleDataTransport.framework in Embed Frameworks */ = {isa = PBXBuildFile; fileRef = 6269C1F52EB0C36E00C96AA1 /* GoogleDataTransport.framework */; settings = {ATTRIBUTES = (CodeSignOnCopy, RemoveHeadersOnCopy, ); }; };
		6269C2752EB0C42B00C96AA1 /* GoogleSignIn.framework in Frameworks */ = {isa = PBXBuildFile; fileRef = 6269C1F62EB0C36E00C96AA1 /* GoogleSignIn.framework */; };
		6269C2762EB0C42B00C96AA1 /* GoogleSignIn.framework in Embed Frameworks */ = {isa = PBXBuildFile; fileRef = 6269C1F62EB0C36E00C96AA1 /* GoogleSignIn.framework */; settings = {ATTRIBUTES = (CodeSignOnCopy, RemoveHeadersOnCopy, ); }; };
		6269C2772EB0C43000C96AA1 /* GoogleUtilities.framework in Frameworks */ = {isa = PBXBuildFile; fileRef = 6269C1F72EB0C36E00C96AA1 /* GoogleUtilities.framework */; };
		6269C2782EB0C43000C96AA1 /* GoogleUtilities.framework in Embed Frameworks */ = {isa = PBXBuildFile; fileRef = 6269C1F72EB0C36E00C96AA1 /* GoogleUtilities.framework */; settings = {ATTRIBUTES = (CodeSignOnCopy, RemoveHeadersOnCopy, ); }; };
		6269C2792EB0C43200C96AA1 /* grpc.framework in Frameworks */ = {isa = PBXBuildFile; fileRef = 6269C1FE2EB0C36E00C96AA1 /* grpc.framework */; };
		6269C27A2EB0C43200C96AA1 /* grpc.framework in Embed Frameworks */ = {isa = PBXBuildFile; fileRef = 6269C1FE2EB0C36E00C96AA1 /* grpc.framework */; settings = {ATTRIBUTES = (CodeSignOnCopy, RemoveHeadersOnCopy, ); }; };
		6269C27B2EB0C43300C96AA1 /* GRPCClient.framework in Frameworks */ = {isa = PBXBuildFile; fileRef = 6269C1FF2EB0C36E00C96AA1 /* GRPCClient.framework */; };
		6269C27C2EB0C43300C96AA1 /* GRPCClient.framework in Embed Frameworks */ = {isa = PBXBuildFile; fileRef = 6269C1FF2EB0C36E00C96AA1 /* GRPCClient.framework */; settings = {ATTRIBUTES = (CodeSignOnCopy, RemoveHeadersOnCopy, ); }; };
		6269C27D2EB0C43900C96AA1 /* GTMAppAuth.framework in Frameworks */ = {isa = PBXBuildFile; fileRef = 6269C1F82EB0C36E00C96AA1 /* GTMAppAuth.framework */; };
		6269C27E2EB0C43900C96AA1 /* GTMAppAuth.framework in Embed Frameworks */ = {isa = PBXBuildFile; fileRef = 6269C1F82EB0C36E00C96AA1 /* GTMAppAuth.framework */; settings = {ATTRIBUTES = (CodeSignOnCopy, RemoveHeadersOnCopy, ); }; };
		6269C27F2EB0C43B00C96AA1 /* GTMSessionFetcher.framework in Frameworks */ = {isa = PBXBuildFile; fileRef = 6269C1F92EB0C36E00C96AA1 /* GTMSessionFetcher.framework */; };
		6269C2802EB0C43B00C96AA1 /* GTMSessionFetcher.framework in Embed Frameworks */ = {isa = PBXBuildFile; fileRef = 6269C1F92EB0C36E00C96AA1 /* GTMSessionFetcher.framework */; settings = {ATTRIBUTES = (CodeSignOnCopy, RemoveHeadersOnCopy, ); }; };
		6269C2812EB0C43D00C96AA1 /* ItsSDK.framework in Frameworks */ = {isa = PBXBuildFile; fileRef = 6269C2112EB0C36E00C96AA1 /* ItsSDK.framework */; };
		6269C2822EB0C43D00C96AA1 /* ItsSDK.framework in Embed Frameworks */ = {isa = PBXBuildFile; fileRef = 6269C2112EB0C36E00C96AA1 /* ItsSDK.framework */; settings = {ATTRIBUTES = (CodeSignOnCopy, RemoveHeadersOnCopy, ); }; };
		6269C2832EB0C44600C96AA1 /* MediaPlayer.framework in Frameworks */ = {isa = PBXBuildFile; fileRef = 8A9A52CF212D1C6D0097A25C /* MediaPlayer.framework */; };
		6269C2852EB0C45D00C96AA1 /* MetricsReporter.framework in Frameworks */ = {isa = PBXBuildFile; fileRef = 6269C2122EB0C36E00C96AA1 /* MetricsReporter.framework */; };
		6269C2862EB0C45D00C96AA1 /* MetricsReporter.framework in Embed Frameworks */ = {isa = PBXBuildFile; fileRef = 6269C2122EB0C36E00C96AA1 /* MetricsReporter.framework */; settings = {ATTRIBUTES = (CodeSignOnCopy, RemoveHeadersOnCopy, ); }; };
		6269C2872EB0C47200C96AA1 /* nanopb.framework in Frameworks */ = {isa = PBXBuildFile; fileRef = 6269C1FA2EB0C36E00C96AA1 /* nanopb.framework */; };
		6269C2882EB0C47200C96AA1 /* nanopb.framework in Embed Frameworks */ = {isa = PBXBuildFile; fileRef = 6269C1FA2EB0C36E00C96AA1 /* nanopb.framework */; settings = {ATTRIBUTES = (CodeSignOnCopy, RemoveHeadersOnCopy, ); }; };
		6269C2892EB0C47400C96AA1 /* openssl_grpc.framework in Frameworks */ = {isa = PBXBuildFile; fileRef = 6269C2002EB0C36E00C96AA1 /* openssl_grpc.framework */; };
		6269C28A2EB0C47400C96AA1 /* openssl_grpc.framework in Embed Frameworks */ = {isa = PBXBuildFile; fileRef = 6269C2002EB0C36E00C96AA1 /* openssl_grpc.framework */; settings = {ATTRIBUTES = (CodeSignOnCopy, RemoveHeadersOnCopy, ); }; };
		6269C28B2EB0C47800C96AA1 /* Promises.framework in Frameworks */ = {isa = PBXBuildFile; fileRef = 6269C1FB2EB0C36E00C96AA1 /* Promises.framework */; };
		6269C28C2EB0C47800C96AA1 /* Promises.framework in Embed Frameworks */ = {isa = PBXBuildFile; fileRef = 6269C1FB2EB0C36E00C96AA1 /* Promises.framework */; settings = {ATTRIBUTES = (CodeSignOnCopy, RemoveHeadersOnCopy, ); }; };
		6269C28D2EB0C47E00C96AA1 /* Protobuf.framework in Frameworks */ = {isa = PBXBuildFile; fileRef = 6269C2012EB0C36E00C96AA1 /* Protobuf.framework */; };
		6269C28E2EB0C47E00C96AA1 /* Protobuf.framework in Embed Frameworks */ = {isa = PBXBuildFile; fileRef = 6269C2012EB0C36E00C96AA1 /* Protobuf.framework */; settings = {ATTRIBUTES = (CodeSignOnCopy, RemoveHeadersOnCopy, ); }; };
		6269C28F2EB0C48300C96AA1 /* ProtoRPC.framework in Frameworks */ = {isa = PBXBuildFile; fileRef = 6269C2022EB0C36E00C96AA1 /* ProtoRPC.framework */; };
		6269C2902EB0C48400C96AA1 /* ProtoRPC.framework in Embed Frameworks */ = {isa = PBXBuildFile; fileRef = 6269C2022EB0C36E00C96AA1 /* ProtoRPC.framework */; settings = {ATTRIBUTES = (CodeSignOnCopy, RemoveHeadersOnCopy, ); }; };
		6269C2912EB0C48600C96AA1 /* RSCrashReporter.framework in Frameworks */ = {isa = PBXBuildFile; fileRef = 6269C2132EB0C36E00C96AA1 /* RSCrashReporter.framework */; };
		6269C2922EB0C48600C96AA1 /* RSCrashReporter.framework in Embed Frameworks */ = {isa = PBXBuildFile; fileRef = 6269C2132EB0C36E00C96AA1 /* RSCrashReporter.framework */; settings = {ATTRIBUTES = (CodeSignOnCopy, RemoveHeadersOnCopy, ); }; };
		6269C2932EB0C48800C96AA1 /* Rudder.framework in Frameworks */ = {isa = PBXBuildFile; fileRef = 6269C2142EB0C36E00C96AA1 /* Rudder.framework */; };
		6269C2942EB0C48800C96AA1 /* Rudder.framework in Embed Frameworks */ = {isa = PBXBuildFile; fileRef = 6269C2142EB0C36E00C96AA1 /* Rudder.framework */; settings = {ATTRIBUTES = (CodeSignOnCopy, RemoveHeadersOnCopy, ); }; };
		6269C2952EB0C48900C96AA1 /* RudderKit.framework in Frameworks */ = {isa = PBXBuildFile; fileRef = 6269C2152EB0C36E00C96AA1 /* RudderKit.framework */; };
		6269C2962EB0C48900C96AA1 /* RudderKit.framework in Embed Frameworks */ = {isa = PBXBuildFile; fileRef = 6269C2152EB0C36E00C96AA1 /* RudderKit.framework */; settings = {ATTRIBUTES = (CodeSignOnCopy, RemoveHeadersOnCopy, ); }; };
		6269C2972EB0C48C00C96AA1 /* RxLibrary.framework in Frameworks */ = {isa = PBXBuildFile; fileRef = 6269C2032EB0C36E00C96AA1 /* RxLibrary.framework */; };
		6269C2982EB0C48C00C96AA1 /* RxLibrary.framework in Embed Frameworks */ = {isa = PBXBuildFile; fileRef = 6269C2032EB0C36E00C96AA1 /* RxLibrary.framework */; settings = {ATTRIBUTES = (CodeSignOnCopy, RemoveHeadersOnCopy, ); }; };
		62891AD22F67FE0500624946 /* AppsFlyerLib.framework in Frameworks */ = {isa = PBXBuildFile; fileRef = 62891ACF2F67FE0500624946 /* AppsFlyerLib.framework */; };
		62891AD32F67FE0500624946 /* AppsFlyerLib.framework in Embed Frameworks */ = {isa = PBXBuildFile; fileRef = 62891ACF2F67FE0500624946 /* AppsFlyerLib.framework */; settings = {ATTRIBUTES = (CodeSignOnCopy, RemoveHeadersOnCopy, ); }; };
		8A5528C3211B324700F7E933 /* LaunchScreen.storyboard in Resources */ = {isa = PBXBuildFile; fileRef = 8A5528C2211B324700F7E933 /* LaunchScreen.storyboard */; };
		8A5528C5211B330000F7E933 /* ap_logo.png in Resources */ = {isa = PBXBuildFile; fileRef = 8A5528C4211B330000F7E933 /* ap_logo.png */; };
		8A8334DD21006C00007200B0 /* AppDelegate.m in Sources */ = {isa = PBXBuildFile; fileRef = 8A8334DC21006C00007200B0 /* AppDelegate.m */; };
		8A8334E521006C01007200B0 /* Assets.xcassets in Resources */ = {isa = PBXBuildFile; fileRef = 8A8334E421006C01007200B0 /* Assets.xcassets */; };
		8A8334EB21006C01007200B0 /* main.m in Sources */ = {isa = PBXBuildFile; fileRef = 8A8334EA21006C01007200B0 /* main.m */; };
		8A83351621006CD2007200B0 /* bg.jpg in Resources */ = {isa = PBXBuildFile; fileRef = 8A8334F521006CD2007200B0 /* bg.jpg */; };
		8A83351721006CD2007200B0 /* MainViewController.m in Sources */ = {isa = PBXBuildFile; fileRef = 8A8334F921006CD2007200B0 /* MainViewController.m */; };
		8A83351821006CD2007200B0 /* MainViewController.xib in Resources */ = {isa = PBXBuildFile; fileRef = 8A8334FA21006CD2007200B0 /* MainViewController.xib */; };
		8A83352621006DCC007200B0 /* MessageUI.framework in Frameworks */ = {isa = PBXBuildFile; fileRef = 8A83352521006DCC007200B0 /* MessageUI.framework */; };
		8A83352821006DD4007200B0 /* SystemConfiguration.framework in Frameworks */ = {isa = PBXBuildFile; fileRef = 8A83352721006DD4007200B0 /* SystemConfiguration.framework */; };
		8A83352A21006DDA007200B0 /* MobileCoreServices.framework in Frameworks */ = {isa = PBXBuildFile; fileRef = 8A83352921006DDA007200B0 /* MobileCoreServices.framework */; };
		8AB17D99239FCD6D0057AED5 /* AuthenticationServices.framework in Frameworks */ = {isa = PBXBuildFile; fileRef = 8AB17D98239FCD6D0057AED5 /* AuthenticationServices.framework */; };
		CE2D707B2542CBE400499913 /* GoogleService-Info.plist in Resources */ = {isa = PBXBuildFile; fileRef = CE2D707A2542CBE400499913 /* GoogleService-Info.plist */; };
		CE310E1E2B70F02100C3CB98 /* GosuBridge.m in Sources */ = {isa = PBXBuildFile; fileRef = CE310E1D2B70F02100C3CB98 /* GosuBridge.m */; };
		CEE10E4227E0902000129EBC /* File.swift in Sources */ = {isa = PBXBuildFile; fileRef = CEE10E4127E0902000129EBC /* File.swift */; };
		CEE10E9D27E0918C00129EBC /* Accelerate.framework in Frameworks */ = {isa = PBXBuildFile; fileRef = CEE354F525B31CD00008F412 /* Accelerate.framework */; };
/* End PBXBuildFile section */

/* Begin PBXContainerItemProxy section */
		22D09CEE2C2F9A1900043100 /* PBXContainerItemProxy */ = {
			isa = PBXContainerItemProxy;
			containerPortal = 22D09CE92C2F9A1900043100 /* GinSDK.xcodeproj */;
			proxyType = 2;
			remoteGlobalIDString = CE9CA000299C7D2A00547216;
			remoteInfo = GosuSDK;
		};
		22D09CF02C2F9A1900043100 /* PBXContainerItemProxy */ = {
			isa = PBXContainerItemProxy;
			containerPortal = 22D09CE92C2F9A1900043100 /* GinSDK.xcodeproj */;
			proxyType = 2;
			remoteGlobalIDString = CE314EB627EEFD0A003C2DF5;
			remoteInfo = SDKDataResource;
		};
/* End PBXContainerItemProxy section */

/* Begin PBXCopyFilesBuildPhase section */
		12329B162CC8EFA50013240C /* Embed Frameworks */ = {
			isa = PBXCopyFilesBuildPhase;
			buildActionMask = 2147483647;
			dstPath = "";
			dstSubfolderSpec = 10;
			files = (
				6269C26C2EB0C42300C96AA1 /* FirebaseSessions.framework in Embed Frameworks */,
				6269C25C2EB0C40C00C96AA1 /* FirebaseCoreExtension.framework in Embed Frameworks */,
				6269C28E2EB0C47E00C96AA1 /* Protobuf.framework in Embed Frameworks */,
				6269C26A2EB0C42100C96AA1 /* FirebaseRemoteConfigInterop.framework in Embed Frameworks */,
				6269C2562EB0C40700C96AA1 /* FirebaseABTesting.framework in Embed Frameworks */,
				6269C2942EB0C48800C96AA1 /* Rudder.framework in Embed Frameworks */,
				6269C2742EB0C42A00C96AA1 /* GoogleDataTransport.framework in Embed Frameworks */,
				62891AD32F67FE0500624946 /* AppsFlyerLib.framework in Embed Frameworks */,
				6269C2582EB0C40900C96AA1 /* FirebaseAnalytics.framework in Embed Frameworks */,
				6269C28A2EB0C47400C96AA1 /* openssl_grpc.framework in Embed Frameworks */,
				6269C28C2EB0C47800C96AA1 /* Promises.framework in Embed Frameworks */,
				6269C2762EB0C42B00C96AA1 /* GoogleSignIn.framework in Embed Frameworks */,
				6269C2822EB0C43D00C96AA1 /* ItsSDK.framework in Embed Frameworks */,
				6269C2922EB0C48600C96AA1 /* RSCrashReporter.framework in Embed Frameworks */,
				6269C2982EB0C48C00C96AA1 /* RxLibrary.framework in Embed Frameworks */,
				6269C2782EB0C43000C96AA1 /* GoogleUtilities.framework in Embed Frameworks */,
				6269C2882EB0C47200C96AA1 /* nanopb.framework in Embed Frameworks */,
				6269C2522EB0C40400C96AA1 /* FBSDKCoreKit.framework in Embed Frameworks */,
				6269C2482EB0C39800C96AA1 /* absl.framework in Embed Frameworks */,
				6269C2682EB0C41700C96AA1 /* FirebaseRemoteConfig.framework in Embed Frameworks */,
				6269C2642EB0C41400C96AA1 /* FirebaseMessaging.framework in Embed Frameworks */,
				6269C2502EB0C40200C96AA1 /* FBSDKCoreKit_Basics.framework in Embed Frameworks */,
				6269C2702EB0C42700C96AA1 /* GoogleAppMeasurement.framework in Embed Frameworks */,
				6269C25A2EB0C40A00C96AA1 /* FirebaseCore.framework in Embed Frameworks */,
				6269C2962EB0C48900C96AA1 /* RudderKit.framework in Embed Frameworks */,
				6269C2602EB0C41000C96AA1 /* FirebaseCrashlytics.framework in Embed Frameworks */,
				6269C2542EB0C40500C96AA1 /* FBSDKLoginKit.framework in Embed Frameworks */,
				6269C25E2EB0C40E00C96AA1 /* FirebaseCoreInternal.framework in Embed Frameworks */,
				6269C27E2EB0C43900C96AA1 /* GTMAppAuth.framework in Embed Frameworks */,
				6269C2662EB0C41500C96AA1 /* FirebasePerformance.framework in Embed Frameworks */,
				6269C27A2EB0C43200C96AA1 /* grpc.framework in Embed Frameworks */,
				6269C2902EB0C48400C96AA1 /* ProtoRPC.framework in Embed Frameworks */,
				6269C24C2EB0C3FC00C96AA1 /* FBAEMKit.framework in Embed Frameworks */,
				6269C2722EB0C42800C96AA1 /* GoogleAppMeasurementIdentitySupport.framework in Embed Frameworks */,
				6269C2802EB0C43B00C96AA1 /* GTMSessionFetcher.framework in Embed Frameworks */,
				6269C24E2EB0C40100C96AA1 /* FBLPromises.framework in Embed Frameworks */,
				6269C2862EB0C45D00C96AA1 /* MetricsReporter.framework in Embed Frameworks */,
				6269C26E2EB0C42400C96AA1 /* FirebaseSharedSwift.framework in Embed Frameworks */,
				6269C27C2EB0C43300C96AA1 /* GRPCClient.framework in Embed Frameworks */,
				6269C2622EB0C41200C96AA1 /* FirebaseInstallations.framework in Embed Frameworks */,
			);
			name = "Embed Frameworks";
			runOnlyForDeploymentPostprocessing = 0;
		};
/* End PBXCopyFilesBuildPhase section */

/* Begin PBXFileReference section */
		22D09CE92C2F9A1900043100 /* GinSDK.xcodeproj */ = {isa = PBXFileReference; lastKnownFileType = "wrapper.pb-project"; name = GinSDK.xcodeproj; path = ../SDK/GinSDK.xcodeproj; sourceTree = "<group>"; };
		6269C1DE2EB0C36E00C96AA1 /* AirBridge.framework */ = {isa = PBXFileReference; lastKnownFileType = wrapper.framework; path = AirBridge.framework; sourceTree = "<group>"; };
		6269C1DF2EB0C36E00C96AA1 /* FBAEMKit.framework */ = {isa = PBXFileReference; lastKnownFileType = wrapper.framework; path = FBAEMKit.framework; sourceTree = "<group>"; };
		6269C1E02EB0C36E00C96AA1 /* FBSDKCoreKit.framework */ = {isa = PBXFileReference; lastKnownFileType = wrapper.framework; path = FBSDKCoreKit.framework; sourceTree = "<group>"; };
		6269C1E12EB0C36E00C96AA1 /* FBSDKCoreKit_Basics.framework */ = {isa = PBXFileReference; lastKnownFileType = wrapper.framework; path = FBSDKCoreKit_Basics.framework; sourceTree = "<group>"; };
		6269C1E22EB0C36E00C96AA1 /* FBSDKLoginKit.framework */ = {isa = PBXFileReference; lastKnownFileType = wrapper.framework; path = FBSDKLoginKit.framework; sourceTree = "<group>"; };
		6269C1E42EB0C36E00C96AA1 /* AppAuth.framework */ = {isa = PBXFileReference; lastKnownFileType = wrapper.framework; path = AppAuth.framework; sourceTree = "<group>"; };
		6269C1E52EB0C36E00C96AA1 /* FBLPromises.framework */ = {isa = PBXFileReference; lastKnownFileType = wrapper.framework; path = FBLPromises.framework; sourceTree = "<group>"; };
		6269C1E62EB0C36E00C96AA1 /* FirebaseABTesting.framework */ = {isa = PBXFileReference; lastKnownFileType = wrapper.framework; path = FirebaseABTesting.framework; sourceTree = "<group>"; };
		6269C1E72EB0C36E00C96AA1 /* FirebaseAnalytics.framework */ = {isa = PBXFileReference; lastKnownFileType = wrapper.framework; path = FirebaseAnalytics.framework; sourceTree = "<group>"; };
		6269C1E82EB0C36E00C96AA1 /* FirebaseCore.framework */ = {isa = PBXFileReference; lastKnownFileType = wrapper.framework; path = FirebaseCore.framework; sourceTree = "<group>"; };
		6269C1E92EB0C36E00C96AA1 /* FirebaseCoreExtension.framework */ = {isa = PBXFileReference; lastKnownFileType = wrapper.framework; path = FirebaseCoreExtension.framework; sourceTree = "<group>"; };
		6269C1EA2EB0C36E00C96AA1 /* FirebaseCoreInternal.framework */ = {isa = PBXFileReference; lastKnownFileType = wrapper.framework; path = FirebaseCoreInternal.framework; sourceTree = "<group>"; };
		6269C1EB2EB0C36E00C96AA1 /* FirebaseCrashlytics.framework */ = {isa = PBXFileReference; lastKnownFileType = wrapper.framework; path = FirebaseCrashlytics.framework; sourceTree = "<group>"; };
		6269C1EC2EB0C36E00C96AA1 /* FirebaseInstallations.framework */ = {isa = PBXFileReference; lastKnownFileType = wrapper.framework; path = FirebaseInstallations.framework; sourceTree = "<group>"; };
		6269C1ED2EB0C36E00C96AA1 /* FirebaseMessaging.framework */ = {isa = PBXFileReference; lastKnownFileType = wrapper.framework; path = FirebaseMessaging.framework; sourceTree = "<group>"; };
		6269C1EE2EB0C36E00C96AA1 /* FirebasePerformance.framework */ = {isa = PBXFileReference; lastKnownFileType = wrapper.framework; path = FirebasePerformance.framework; sourceTree = "<group>"; };
		6269C1EF2EB0C36E00C96AA1 /* FirebaseRemoteConfig.framework */ = {isa = PBXFileReference; lastKnownFileType = wrapper.framework; path = FirebaseRemoteConfig.framework; sourceTree = "<group>"; };
		6269C1F02EB0C36E00C96AA1 /* FirebaseRemoteConfigInterop.framework */ = {isa = PBXFileReference; lastKnownFileType = wrapper.framework; path = FirebaseRemoteConfigInterop.framework; sourceTree = "<group>"; };
		6269C1F12EB0C36E00C96AA1 /* FirebaseSessions.framework */ = {isa = PBXFileReference; lastKnownFileType = wrapper.framework; path = FirebaseSessions.framework; sourceTree = "<group>"; };
		6269C1F22EB0C36E00C96AA1 /* FirebaseSharedSwift.framework */ = {isa = PBXFileReference; lastKnownFileType = wrapper.framework; path = FirebaseSharedSwift.framework; sourceTree = "<group>"; };
		6269C1F32EB0C36E00C96AA1 /* GoogleAppMeasurement.framework */ = {isa = PBXFileReference; lastKnownFileType = wrapper.framework; path = GoogleAppMeasurement.framework; sourceTree = "<group>"; };
		6269C1F42EB0C36E00C96AA1 /* GoogleAppMeasurementIdentitySupport.framework */ = {isa = PBXFileReference; lastKnownFileType = wrapper.framework; path = GoogleAppMeasurementIdentitySupport.framework; sourceTree = "<group>"; };
		6269C1F52EB0C36E00C96AA1 /* GoogleDataTransport.framework */ = {isa = PBXFileReference; lastKnownFileType = wrapper.framework; path = GoogleDataTransport.framework; sourceTree = "<group>"; };
		6269C1F62EB0C36E00C96AA1 /* GoogleSignIn.framework */ = {isa = PBXFileReference; lastKnownFileType = wrapper.framework; path = GoogleSignIn.framework; sourceTree = "<group>"; };
		6269C1F72EB0C36E00C96AA1 /* GoogleUtilities.framework */ = {isa = PBXFileReference; lastKnownFileType = wrapper.framework; path = GoogleUtilities.framework; sourceTree = "<group>"; };
		6269C1F82EB0C36E00C96AA1 /* GTMAppAuth.framework */ = {isa = PBXFileReference; lastKnownFileType = wrapper.framework; path = GTMAppAuth.framework; sourceTree = "<group>"; };
		6269C1F92EB0C36E00C96AA1 /* GTMSessionFetcher.framework */ = {isa = PBXFileReference; lastKnownFileType = wrapper.framework; path = GTMSessionFetcher.framework; sourceTree = "<group>"; };
		6269C1FA2EB0C36E00C96AA1 /* nanopb.framework */ = {isa = PBXFileReference; lastKnownFileType = wrapper.framework; path = nanopb.framework; sourceTree = "<group>"; };
		6269C1FB2EB0C36E00C96AA1 /* Promises.framework */ = {isa = PBXFileReference; lastKnownFileType = wrapper.framework; path = Promises.framework; sourceTree = "<group>"; };
		6269C1FD2EB0C36E00C96AA1 /* absl.framework */ = {isa = PBXFileReference; lastKnownFileType = wrapper.framework; path = absl.framework; sourceTree = "<group>"; };
		6269C1FE2EB0C36E00C96AA1 /* grpc.framework */ = {isa = PBXFileReference; lastKnownFileType = wrapper.framework; path = grpc.framework; sourceTree = "<group>"; };
		6269C1FF2EB0C36E00C96AA1 /* GRPCClient.framework */ = {isa = PBXFileReference; lastKnownFileType = wrapper.framework; path = GRPCClient.framework; sourceTree = "<group>"; };
		6269C2002EB0C36E00C96AA1 /* openssl_grpc.framework */ = {isa = PBXFileReference; lastKnownFileType = wrapper.framework; path = openssl_grpc.framework; sourceTree = "<group>"; };
		6269C2012EB0C36E00C96AA1 /* Protobuf.framework */ = {isa = PBXFileReference; lastKnownFileType = wrapper.framework; path = Protobuf.framework; sourceTree = "<group>"; };
		6269C2022EB0C36E00C96AA1 /* ProtoRPC.framework */ = {isa = PBXFileReference; lastKnownFileType = wrapper.framework; path = ProtoRPC.framework; sourceTree = "<group>"; };
		6269C2032EB0C36E00C96AA1 /* RxLibrary.framework */ = {isa = PBXFileReference; lastKnownFileType = wrapper.framework; path = RxLibrary.framework; sourceTree = "<group>"; };
		6269C2052EB0C36E00C96AA1 /* AppleIAP.h */ = {isa = PBXFileReference; lastKnownFileType = sourcecode.c.h; path = AppleIAP.h; sourceTree = "<group>"; };
		6269C2062EB0C36E00C96AA1 /* CrashlyticsManager.h */ = {isa = PBXFileReference; lastKnownFileType = sourcecode.c.h; path = CrashlyticsManager.h; sourceTree = "<group>"; };
		6269C2072EB0C36E00C96AA1 /* FacebookManager.h */ = {isa = PBXFileReference; lastKnownFileType = sourcecode.c.h; path = FacebookManager.h; sourceTree = "<group>"; };
		6269C2082EB0C36E00C96AA1 /* FirebaseManager.h */ = {isa = PBXFileReference; lastKnownFileType = sourcecode.c.h; path = FirebaseManager.h; sourceTree = "<group>"; };
		6269C2092EB0C36E00C96AA1 /* GosuSDK.h */ = {isa = PBXFileReference; lastKnownFileType = sourcecode.c.h; path = GosuSDK.h; sourceTree = "<group>"; };
		6269C20A2EB0C36E00C96AA1 /* GTrackingManager.h */ = {isa = PBXFileReference; lastKnownFileType = sourcecode.c.h; path = GTrackingManager.h; sourceTree = "<group>"; };
		6269C20B2EB0C36E00C96AA1 /* IAPDataRequest.h */ = {isa = PBXFileReference; lastKnownFileType = sourcecode.c.h; path = IAPDataRequest.h; sourceTree = "<group>"; };
		6269C20C2EB0C36E00C96AA1 /* IAPDelegate.h */ = {isa = PBXFileReference; lastKnownFileType = sourcecode.c.h; path = IAPDelegate.h; sourceTree = "<group>"; };
		6269C20D2EB0C36E00C96AA1 /* LibSDKFramework.h */ = {isa = PBXFileReference; lastKnownFileType = sourcecode.c.h; path = LibSDKFramework.h; sourceTree = "<group>"; };
		6269C20E2EB0C36E00C96AA1 /* LoginDelegate.h */ = {isa = PBXFileReference; lastKnownFileType = sourcecode.c.h; path = LoginDelegate.h; sourceTree = "<group>"; };
		6269C20F2EB0C36E00C96AA1 /* UserProfileResponse.h */ = {isa = PBXFileReference; lastKnownFileType = sourcecode.c.h; path = UserProfileResponse.h; sourceTree = "<group>"; };
		6269C2112EB0C36E00C96AA1 /* ItsSDK.framework */ = {isa = PBXFileReference; lastKnownFileType = wrapper.framework; path = ItsSDK.framework; sourceTree = "<group>"; };
		6269C2122EB0C36E00C96AA1 /* MetricsReporter.framework */ = {isa = PBXFileReference; lastKnownFileType = wrapper.framework; path = MetricsReporter.framework; sourceTree = "<group>"; };
		6269C2132EB0C36E00C96AA1 /* RSCrashReporter.framework */ = {isa = PBXFileReference; lastKnownFileType = wrapper.framework; path = RSCrashReporter.framework; sourceTree = "<group>"; };
		6269C2142EB0C36E00C96AA1 /* Rudder.framework */ = {isa = PBXFileReference; lastKnownFileType = wrapper.framework; path = Rudder.framework; sourceTree = "<group>"; };
		6269C2152EB0C36E00C96AA1 /* RudderKit.framework */ = {isa = PBXFileReference; lastKnownFileType = wrapper.framework; path = RudderKit.framework; sourceTree = "<group>"; };
		6269C2182EB0C36E00C96AA1 /* libGosuSDK.a */ = {isa = PBXFileReference; lastKnownFileType = archive.ar; name = libGosuSDK.a; path = ../SDK/build/GosuSDK/iphoneos/libGosuSDK.a; sourceTree = SOURCE_ROOT; };
		6269C2192EB0C36E00C96AA1 /* SDKDataResource.bundle */ = {isa = PBXFileReference; lastKnownFileType = "wrapper.plug-in"; name = SDKDataResource.bundle; path = ../SDK/build/GosuSDK/iphoneos/SDKDataResource.bundle; sourceTree = SOURCE_ROOT; };
		62891ACF2F67FE0500624946 /* AppsFlyerLib.framework */ = {isa = PBXFileReference; lastKnownFileType = wrapper.framework; name = AppsFlyerLib.framework; path = ../SDK/build/GosuSDK/simulators/GSinSDK_include/appslyer/AppsFlyerLib.framework; sourceTree = "<group>"; };
		62891AD72F69411B00624946 /* SdkOption.h */ = {isa = PBXFileReference; lastKnownFileType = sourcecode.c.h; path = SdkOption.h; sourceTree = "<group>"; };
		8A5528C2211B324700F7E933 /* LaunchScreen.storyboard */ = {isa = PBXFileReference; fileEncoding = 4; lastKnownFileType = file.storyboard; path = LaunchScreen.storyboard; sourceTree = "<group>"; };
		8A5528C4211B330000F7E933 /* ap_logo.png */ = {isa = PBXFileReference; lastKnownFileType = image.png; path = ap_logo.png; sourceTree = "<group>"; };
		8A8334D821006C00007200B0 /* GosuApiV2.app */ = {isa = PBXFileReference; explicitFileType = wrapper.application; includeInIndex = 0; path = GosuApiV2.app; sourceTree = BUILT_PRODUCTS_DIR; };
		8A8334DB21006C00007200B0 /* AppDelegate.h */ = {isa = PBXFileReference; lastKnownFileType = sourcecode.c.h; path = AppDelegate.h; sourceTree = "<group>"; };
		8A8334DC21006C00007200B0 /* AppDelegate.m */ = {isa = PBXFileReference; lastKnownFileType = sourcecode.c.objc; path = AppDelegate.m; sourceTree = "<group>"; };
		8A8334E421006C01007200B0 /* Assets.xcassets */ = {isa = PBXFileReference; lastKnownFileType = folder.assetcatalog; path = Assets.xcassets; sourceTree = "<group>"; };
		8A8334E921006C01007200B0 /* Info.plist */ = {isa = PBXFileReference; lastKnownFileType = text.plist.xml; path = Info.plist; sourceTree = "<group>"; };
		8A8334EA21006C01007200B0 /* main.m */ = {isa = PBXFileReference; lastKnownFileType = sourcecode.c.objc; path = main.m; sourceTree = "<group>"; };
		8A8334F521006CD2007200B0 /* bg.jpg */ = {isa = PBXFileReference; lastKnownFileType = image.jpeg; path = bg.jpg; sourceTree = "<group>"; };
		8A8334F821006CD2007200B0 /* MainViewController.h */ = {isa = PBXFileReference; fileEncoding = 4; lastKnownFileType = sourcecode.c.h; path = MainViewController.h; sourceTree = "<group>"; };
		8A8334F921006CD2007200B0 /* MainViewController.m */ = {isa = PBXFileReference; fileEncoding = 4; lastKnownFileType = sourcecode.c.objc; path = MainViewController.m; sourceTree = "<group>"; };
		8A8334FA21006CD2007200B0 /* MainViewController.xib */ = {isa = PBXFileReference; fileEncoding = 4; lastKnownFileType = file.xib; path = MainViewController.xib; sourceTree = "<group>"; };
		8A83352521006DCC007200B0 /* MessageUI.framework */ = {isa = PBXFileReference; lastKnownFileType = wrapper.framework; name = MessageUI.framework; path = System/Library/Frameworks/MessageUI.framework; sourceTree = SDKROOT; };
		8A83352721006DD4007200B0 /* SystemConfiguration.framework */ = {isa = PBXFileReference; lastKnownFileType = wrapper.framework; name = SystemConfiguration.framework; path = System/Library/Frameworks/SystemConfiguration.framework; sourceTree = SDKROOT; };
		8A83352921006DDA007200B0 /* MobileCoreServices.framework */ = {isa = PBXFileReference; lastKnownFileType = wrapper.framework; name = MobileCoreServices.framework; path = System/Library/Frameworks/MobileCoreServices.framework; sourceTree = SDKROOT; };
		8A97A1BF233F03C20025F418 /* GosuApiv2_Demo.entitlements */ = {isa = PBXFileReference; lastKnownFileType = text.plist.entitlements; path = GosuApiv2_Demo.entitlements; sourceTree = "<group>"; };
		8A9A52CF212D1C6D0097A25C /* MediaPlayer.framework */ = {isa = PBXFileReference; lastKnownFileType = wrapper.framework; name = MediaPlayer.framework; path = System/Library/Frameworks/MediaPlayer.framework; sourceTree = SDKROOT; };
		8AB17D98239FCD6D0057AED5 /* AuthenticationServices.framework */ = {isa = PBXFileReference; lastKnownFileType = wrapper.framework; name = AuthenticationServices.framework; path = System/Library/Frameworks/AuthenticationServices.framework; sourceTree = SDKROOT; };
		CE2D707A2542CBE400499913 /* GoogleService-Info.plist */ = {isa = PBXFileReference; fileEncoding = 4; lastKnownFileType = text.plist.xml; path = "GoogleService-Info.plist"; sourceTree = "<group>"; };
		CE310E192B70F01700C3CB98 /* GosuBridge.h */ = {isa = PBXFileReference; lastKnownFileType = sourcecode.c.h; path = GosuBridge.h; sourceTree = "<group>"; };
		CE310E1D2B70F02100C3CB98 /* GosuBridge.m */ = {isa = PBXFileReference; lastKnownFileType = sourcecode.c.objc; path = GosuBridge.m; sourceTree = "<group>"; };
		CEE10E4027E0901F00129EBC /* GosuApiv2_Demo-Bridging-Header.h */ = {isa = PBXFileReference; lastKnownFileType = sourcecode.c.h; path = "GosuApiv2_Demo-Bridging-Header.h"; sourceTree = "<group>"; };
		CEE10E4127E0902000129EBC /* File.swift */ = {isa = PBXFileReference; lastKnownFileType = sourcecode.swift; path = File.swift; sourceTree = "<group>"; };
		CEE354F525B31CD00008F412 /* Accelerate.framework */ = {isa = PBXFileReference; lastKnownFileType = wrapper.framework; name = Accelerate.framework; path = System/Library/Frameworks/Accelerate.framework; sourceTree = SDKROOT; };
		CEF7BEBB25553C1200E22F64 /* TienKiemMobileDebug.entitlements */ = {isa = PBXFileReference; lastKnownFileType = text.plist.entitlements; path = TienKiemMobileDebug.entitlements; sourceTree = "<group>"; };
/* End PBXFileReference section */

/* Begin PBXFrameworksBuildPhase section */
		8A8334D521006C00007200B0 /* Frameworks */ = {
			isa = PBXFrameworksBuildPhase;
			buildActionMask = 2147483647;
			files = (
				6269C28B2EB0C47800C96AA1 /* Promises.framework in Frameworks */,
				CEE10E9D27E0918C00129EBC /* Accelerate.framework in Frameworks */,
				6269C2932EB0C48800C96AA1 /* Rudder.framework in Frameworks */,
				6269C2892EB0C47400C96AA1 /* openssl_grpc.framework in Frameworks */,
				8AB17D99239FCD6D0057AED5 /* AuthenticationServices.framework in Frameworks */,
				6269C25B2EB0C40C00C96AA1 /* FirebaseCoreExtension.framework in Frameworks */,
				6269C25F2EB0C41000C96AA1 /* FirebaseCrashlytics.framework in Frameworks */,
				6269C27F2EB0C43B00C96AA1 /* GTMSessionFetcher.framework in Frameworks */,
				6269C21A2EB0C36E00C96AA1 /* AppAuth.framework in Frameworks */,
				6269C2632EB0C41400C96AA1 /* FirebaseMessaging.framework in Frameworks */,
				6269C2752EB0C42B00C96AA1 /* GoogleSignIn.framework in Frameworks */,
				6269C21B2EB0C36E00C96AA1 /* libGosuSDK.a in Frameworks */,
				6269C2872EB0C47200C96AA1 /* nanopb.framework in Frameworks */,
				6269C26F2EB0C42700C96AA1 /* GoogleAppMeasurement.framework in Frameworks */,
				6269C2812EB0C43D00C96AA1 /* ItsSDK.framework in Frameworks */,
				6269C2512EB0C40300C96AA1 /* FBSDKCoreKit.framework in Frameworks */,
				6269C2532EB0C40500C96AA1 /* FBSDKLoginKit.framework in Frameworks */,
				6269C2612EB0C41200C96AA1 /* FirebaseInstallations.framework in Frameworks */,
				6269C2472EB0C39700C96AA1 /* absl.framework in Frameworks */,
				6269C24B2EB0C3FC00C96AA1 /* FBAEMKit.framework in Frameworks */,
				6269C24F2EB0C40200C96AA1 /* FBSDKCoreKit_Basics.framework in Frameworks */,
				6269C2572EB0C40900C96AA1 /* FirebaseAnalytics.framework in Frameworks */,
				6269C2772EB0C43000C96AA1 /* GoogleUtilities.framework in Frameworks */,
				6269C25D2EB0C40E00C96AA1 /* FirebaseCoreInternal.framework in Frameworks */,
				6269C2692EB0C42100C96AA1 /* FirebaseRemoteConfigInterop.framework in Frameworks */,
				6269C2852EB0C45D00C96AA1 /* MetricsReporter.framework in Frameworks */,
				6269C2712EB0C42800C96AA1 /* GoogleAppMeasurementIdentitySupport.framework in Frameworks */,
				6269C2952EB0C48900C96AA1 /* RudderKit.framework in Frameworks */,
				6269C24D2EB0C40000C96AA1 /* FBLPromises.framework in Frameworks */,
				6269C2552EB0C40700C96AA1 /* FirebaseABTesting.framework in Frameworks */,
				6269C2792EB0C43200C96AA1 /* grpc.framework in Frameworks */,
				62891AD22F67FE0500624946 /* AppsFlyerLib.framework in Frameworks */,
				6269C2592EB0C40A00C96AA1 /* FirebaseCore.framework in Frameworks */,
				6269C2652EB0C41500C96AA1 /* FirebasePerformance.framework in Frameworks */,
				8A83352A21006DDA007200B0 /* MobileCoreServices.framework in Frameworks */,
				6269C2672EB0C41700C96AA1 /* FirebaseRemoteConfig.framework in Frameworks */,
				8A83352821006DD4007200B0 /* SystemConfiguration.framework in Frameworks */,
				6269C28F2EB0C48300C96AA1 /* ProtoRPC.framework in Frameworks */,
				6269C27B2EB0C43300C96AA1 /* GRPCClient.framework in Frameworks */,
				6269C27D2EB0C43900C96AA1 /* GTMAppAuth.framework in Frameworks */,
				6269C26B2EB0C42300C96AA1 /* FirebaseSessions.framework in Frameworks */,
				6269C2732EB0C42A00C96AA1 /* GoogleDataTransport.framework in Frameworks */,
				6269C26D2EB0C42400C96AA1 /* FirebaseSharedSwift.framework in Frameworks */,
				6269C2832EB0C44600C96AA1 /* MediaPlayer.framework in Frameworks */,
				8A83352621006DCC007200B0 /* MessageUI.framework in Frameworks */,
				6269C2912EB0C48600C96AA1 /* RSCrashReporter.framework in Frameworks */,
				6269C2972EB0C48C00C96AA1 /* RxLibrary.framework in Frameworks */,
				6269C28D2EB0C47E00C96AA1 /* Protobuf.framework in Frameworks */,
			);
			runOnlyForDeploymentPostprocessing = 0;
		};
/* End PBXFrameworksBuildPhase section */

/* Begin PBXGroup section */
		22470B112BB52746005C4B04 /* SDK */ = {
			isa = PBXGroup;
			children = (
				6269C2172EB0C36E00C96AA1 /* GSinSDK_include */,
				6269C2182EB0C36E00C96AA1 /* libGosuSDK.a */,
				6269C2192EB0C36E00C96AA1 /* SDKDataResource.bundle */,
			);
			path = SDK;
			sourceTree = "<group>";
		};
		22D09CEA2C2F9A1900043100 /* Products */ = {
			isa = PBXGroup;
			children = (
				22D09CEF2C2F9A1900043100 /* libGosuSDK.a */,
				22D09CF12C2F9A1900043100 /* SDKDataResource.bundle */,
			);
			name = Products;
			sourceTree = "<group>";
		};
		6269C1E32EB0C36E00C96AA1 /* facebook */ = {
			isa = PBXGroup;
			children = (
				6269C1DE2EB0C36E00C96AA1 /* AirBridge.framework */,
				6269C1DF2EB0C36E00C96AA1 /* FBAEMKit.framework */,
				6269C1E02EB0C36E00C96AA1 /* FBSDKCoreKit.framework */,
				6269C1E12EB0C36E00C96AA1 /* FBSDKCoreKit_Basics.framework */,
				6269C1E22EB0C36E00C96AA1 /* FBSDKLoginKit.framework */,
			);
			path = facebook;
			sourceTree = "<group>";
		};
		6269C1FC2EB0C36E00C96AA1 /* firebase */ = {
			isa = PBXGroup;
			children = (
				6269C1E42EB0C36E00C96AA1 /* AppAuth.framework */,
				6269C1E52EB0C36E00C96AA1 /* FBLPromises.framework */,
				6269C1E62EB0C36E00C96AA1 /* FirebaseABTesting.framework */,
				6269C1E72EB0C36E00C96AA1 /* FirebaseAnalytics.framework */,
				6269C1E82EB0C36E00C96AA1 /* FirebaseCore.framework */,
				6269C1E92EB0C36E00C96AA1 /* FirebaseCoreExtension.framework */,
				6269C1EA2EB0C36E00C96AA1 /* FirebaseCoreInternal.framework */,
				6269C1EB2EB0C36E00C96AA1 /* FirebaseCrashlytics.framework */,
				6269C1EC2EB0C36E00C96AA1 /* FirebaseInstallations.framework */,
				6269C1ED2EB0C36E00C96AA1 /* FirebaseMessaging.framework */,
				6269C1EE2EB0C36E00C96AA1 /* FirebasePerformance.framework */,
				6269C1EF2EB0C36E00C96AA1 /* FirebaseRemoteConfig.framework */,
				6269C1F02EB0C36E00C96AA1 /* FirebaseRemoteConfigInterop.framework */,
				6269C1F12EB0C36E00C96AA1 /* FirebaseSessions.framework */,
				6269C1F22EB0C36E00C96AA1 /* FirebaseSharedSwift.framework */,
				6269C1F32EB0C36E00C96AA1 /* GoogleAppMeasurement.framework */,
				6269C1F42EB0C36E00C96AA1 /* GoogleAppMeasurementIdentitySupport.framework */,
				6269C1F52EB0C36E00C96AA1 /* GoogleDataTransport.framework */,
				6269C1F62EB0C36E00C96AA1 /* GoogleSignIn.framework */,
				6269C1F72EB0C36E00C96AA1 /* GoogleUtilities.framework */,
				6269C1F82EB0C36E00C96AA1 /* GTMAppAuth.framework */,
				6269C1F92EB0C36E00C96AA1 /* GTMSessionFetcher.framework */,
				6269C1FA2EB0C36E00C96AA1 /* nanopb.framework */,
				6269C1FB2EB0C36E00C96AA1 /* Promises.framework */,
			);
			path = firebase;
			sourceTree = "<group>";
		};
		6269C2042EB0C36E00C96AA1 /* frameworks */ = {
			isa = PBXGroup;
			children = (
				6269C1FD2EB0C36E00C96AA1 /* absl.framework */,
				6269C1FE2EB0C36E00C96AA1 /* grpc.framework */,
				6269C1FF2EB0C36E00C96AA1 /* GRPCClient.framework */,
				6269C2002EB0C36E00C96AA1 /* openssl_grpc.framework */,
				6269C2012EB0C36E00C96AA1 /* Protobuf.framework */,
				6269C2022EB0C36E00C96AA1 /* ProtoRPC.framework */,
				6269C2032EB0C36E00C96AA1 /* RxLibrary.framework */,
			);
			path = frameworks;
			sourceTree = "<group>";
		};
		6269C2102EB0C36E00C96AA1 /* GosuSDK */ = {
			isa = PBXGroup;
			children = (
				62891AD72F69411B00624946 /* SdkOption.h */,
				6269C2052EB0C36E00C96AA1 /* AppleIAP.h */,
				6269C2062EB0C36E00C96AA1 /* CrashlyticsManager.h */,
				6269C2072EB0C36E00C96AA1 /* FacebookManager.h */,
				6269C2082EB0C36E00C96AA1 /* FirebaseManager.h */,
				6269C2092EB0C36E00C96AA1 /* GosuSDK.h */,
				6269C20A2EB0C36E00C96AA1 /* GTrackingManager.h */,
				6269C20B2EB0C36E00C96AA1 /* IAPDataRequest.h */,
				6269C20C2EB0C36E00C96AA1 /* IAPDelegate.h */,
				6269C20D2EB0C36E00C96AA1 /* LibSDKFramework.h */,
				6269C20E2EB0C36E00C96AA1 /* LoginDelegate.h */,
				6269C20F2EB0C36E00C96AA1 /* UserProfileResponse.h */,
			);
			path = GosuSDK;
			sourceTree = "<group>";
		};
		6269C2162EB0C36E00C96AA1 /* its_xcframeworks */ = {
			isa = PBXGroup;
			children = (
				6269C2112EB0C36E00C96AA1 /* ItsSDK.framework */,
				6269C2122EB0C36E00C96AA1 /* MetricsReporter.framework */,
				6269C2132EB0C36E00C96AA1 /* RSCrashReporter.framework */,
				6269C2142EB0C36E00C96AA1 /* Rudder.framework */,
				6269C2152EB0C36E00C96AA1 /* RudderKit.framework */,
			);
			path = its_xcframeworks;
			sourceTree = "<group>";
		};
		6269C2172EB0C36E00C96AA1 /* GSinSDK_include */ = {
			isa = PBXGroup;
			children = (
				6269C1E32EB0C36E00C96AA1 /* facebook */,
				6269C1FC2EB0C36E00C96AA1 /* firebase */,
				6269C2042EB0C36E00C96AA1 /* frameworks */,
				6269C2102EB0C36E00C96AA1 /* GosuSDK */,
				6269C2162EB0C36E00C96AA1 /* its_xcframeworks */,
			);
			name = GSinSDK_include;
			path = ../SDK/build/GosuSDK/iphoneos/GSinSDK_include;
			sourceTree = SOURCE_ROOT;
		};
		8A8334CF21006C00007200B0 = {
			isa = PBXGroup;
			children = (
				22D09CE92C2F9A1900043100 /* GinSDK.xcodeproj */,
				8A8334DA21006C00007200B0 /* GosuApiv2_Demo */,
				8A83352221006DBE007200B0 /* Frameworks */,
				8A8334D921006C00007200B0 /* Products */,
			);
			sourceTree = "<group>";
		};
		8A8334D921006C00007200B0 /* Products */ = {
			isa = PBXGroup;
			children = (
				8A8334D821006C00007200B0 /* GosuApiV2.app */,
			);
			name = Products;
			sourceTree = "<group>";
		};
		8A8334DA21006C00007200B0 /* GosuApiv2_Demo */ = {
			isa = PBXGroup;
			children = (
				22470B112BB52746005C4B04 /* SDK */,
				CEF7BEBB25553C1200E22F64 /* TienKiemMobileDebug.entitlements */,
				8A97A1BF233F03C20025F418 /* GosuApiv2_Demo.entitlements */,
				8A8334DB21006C00007200B0 /* AppDelegate.h */,
				CEE10E4127E0902000129EBC /* File.swift */,
				CE310E192B70F01700C3CB98 /* GosuBridge.h */,
				CE310E1D2B70F02100C3CB98 /* GosuBridge.m */,
				8A8334DC21006C00007200B0 /* AppDelegate.m */,
				8A8334E421006C01007200B0 /* Assets.xcassets */,
				8A8334F621006CD2007200B0 /* Classess */,
				8A8334E921006C01007200B0 /* Info.plist */,
				8A5528C2211B324700F7E933 /* LaunchScreen.storyboard */,
				8A8334EA21006C01007200B0 /* main.m */,
				8A8334F121006CD2007200B0 /* Resources */,
				CEE10E4027E0901F00129EBC /* GosuApiv2_Demo-Bridging-Header.h */,
			);
			path = GosuApiv2_Demo;
			sourceTree = "<group>";
		};
		8A8334F121006CD2007200B0 /* Resources */ = {
			isa = PBXGroup;
			children = (
				8A8334F221006CD2007200B0 /* GameInfo */,
				8A8334F421006CD2007200B0 /* Images */,
			);
			path = Resources;
			sourceTree = "<group>";
		};
		8A8334F221006CD2007200B0 /* GameInfo */ = {
			isa = PBXGroup;
			children = (
				CE2D707A2542CBE400499913 /* GoogleService-Info.plist */,
			);
			path = GameInfo;
			sourceTree = "<group>";
		};
		8A8334F421006CD2007200B0 /* Images */ = {
			isa = PBXGroup;
			children = (
				8A5528C4211B330000F7E933 /* ap_logo.png */,
				8A8334F521006CD2007200B0 /* bg.jpg */,
			);
			path = Images;
			sourceTree = "<group>";
		};
		8A8334F621006CD2007200B0 /* Classess */ = {
			isa = PBXGroup;
			children = (
				8A8334F721006CD2007200B0 /* Controller */,
			);
			path = Classess;
			sourceTree = "<group>";
		};
		8A8334F721006CD2007200B0 /* Controller */ = {
			isa = PBXGroup;
			children = (
				8A8334F821006CD2007200B0 /* MainViewController.h */,
				8A8334F921006CD2007200B0 /* MainViewController.m */,
				8A8334FA21006CD2007200B0 /* MainViewController.xib */,
			);
			path = Controller;
			sourceTree = "<group>";
		};
		8A83352221006DBE007200B0 /* Frameworks */ = {
			isa = PBXGroup;
			children = (
				62891ACF2F67FE0500624946 /* AppsFlyerLib.framework */,
				CEE354F525B31CD00008F412 /* Accelerate.framework */,
				8AB17D98239FCD6D0057AED5 /* AuthenticationServices.framework */,
				8A9A52CF212D1C6D0097A25C /* MediaPlayer.framework */,
				8A83352521006DCC007200B0 /* MessageUI.framework */,
				8A83352921006DDA007200B0 /* MobileCoreServices.framework */,
				8A83352721006DD4007200B0 /* SystemConfiguration.framework */,
			);
			name = Frameworks;
			sourceTree = "<group>";
		};
/* End PBXGroup section */

/* Begin PBXNativeTarget section */
		8A8334D721006C00007200B0 /* GosuApiv2_Demo */ = {
			isa = PBXNativeTarget;
			buildConfigurationList = 8A8334EE21006C01007200B0 /* Build configuration list for PBXNativeTarget "GosuApiv2_Demo" */;
			buildPhases = (
				8A8334D421006C00007200B0 /* Sources */,
				8A8334D521006C00007200B0 /* Frameworks */,
				8A8334D621006C00007200B0 /* Resources */,
				12329B162CC8EFA50013240C /* Embed Frameworks */,
			);
			buildRules = (
			);
			dependencies = (
			);
			name = GosuApiv2_Demo;
			productName = GosuApiv2_Demo;
			productReference = 8A8334D821006C00007200B0 /* GosuApiV2.app */;
			productType = "com.apple.product-type.application";
		};
/* End PBXNativeTarget section */

/* Begin PBXProject section */
		8A8334D021006C00007200B0 /* Project object */ = {
			isa = PBXProject;
			attributes = {
				LastUpgradeCheck = 0940;
				ORGANIZATIONNAME = "Phan Phuoc Luong";
				TargetAttributes = {
					8A8334D721006C00007200B0 = {
						CreatedOnToolsVersion = 9.4;
						LastSwiftMigration = 1320;
					};
				};
			};
			buildConfigurationList = 8A8334D321006C00007200B0 /* Build configuration list for PBXProject "GosuApiv2_Demo" */;
			compatibilityVersion = "Xcode 9.3";
			developmentRegion = vi;
			hasScannedForEncodings = 0;
			knownRegions = (
				vi,
			);
			mainGroup = 8A8334CF21006C00007200B0;
			productRefGroup = 8A8334D921006C00007200B0 /* Products */;
			projectDirPath = "";
			projectReferences = (
				{
					ProductGroup = 22D09CEA2C2F9A1900043100 /* Products */;
					ProjectRef = 22D09CE92C2F9A1900043100 /* GinSDK.xcodeproj */;
				},
			);
			projectRoot = "";
			targets = (
				8A8334D721006C00007200B0 /* GosuApiv2_Demo */,
			);
		};
/* End PBXProject section */

/* Begin PBXReferenceProxy section */
		22D09CEF2C2F9A1900043100 /* libGosuSDK.a */ = {
			isa = PBXReferenceProxy;
			fileType = archive.ar;
			path = libGosuSDK.a;
			remoteRef = 22D09CEE2C2F9A1900043100 /* PBXContainerItemProxy */;
			sourceTree = BUILT_PRODUCTS_DIR;
		};
		22D09CF12C2F9A1900043100 /* SDKDataResource.bundle */ = {
			isa = PBXReferenceProxy;
			fileType = wrapper.cfbundle;
			path = SDKDataResource.bundle;
			remoteRef = 22D09CF02C2F9A1900043100 /* PBXContainerItemProxy */;
			sourceTree = BUILT_PRODUCTS_DIR;
		};
/* End PBXReferenceProxy section */

/* Begin PBXResourcesBuildPhase section */
		8A8334D621006C00007200B0 /* Resources */ = {
			isa = PBXResourcesBuildPhase;
			buildActionMask = 2147483647;
			files = (
				CE2D707B2542CBE400499913 /* GoogleService-Info.plist in Resources */,
				8A83351621006CD2007200B0 /* bg.jpg in Resources */,
				6269C2442EB0C36E00C96AA1 /* SDKDataResource.bundle in Resources */,
				8A8334E521006C01007200B0 /* Assets.xcassets in Resources */,
				8A5528C3211B324700F7E933 /* LaunchScreen.storyboard in Resources */,
				8A5528C5211B330000F7E933 /* ap_logo.png in Resources */,
				8A83351821006CD2007200B0 /* MainViewController.xib in Resources */,
			);
			runOnlyForDeploymentPostprocessing = 0;
		};
/* End PBXResourcesBuildPhase section */

/* Begin PBXSourcesBuildPhase section */
		8A8334D421006C00007200B0 /* Sources */ = {
			isa = PBXSourcesBuildPhase;
			buildActionMask = 2147483647;
			files = (
				CE310E1E2B70F02100C3CB98 /* GosuBridge.m in Sources */,
				8A8334EB21006C01007200B0 /* main.m in Sources */,
				CEE10E4227E0902000129EBC /* File.swift in Sources */,
				8A83351721006CD2007200B0 /* MainViewController.m in Sources */,
				8A8334DD21006C00007200B0 /* AppDelegate.m in Sources */,
			);
			runOnlyForDeploymentPostprocessing = 0;
		};
/* End PBXSourcesBuildPhase section */

/* Begin XCBuildConfiguration section */
		8A8334EC21006C01007200B0 /* Debug */ = {
			isa = XCBuildConfiguration;
			buildSettings = {
				ALWAYS_SEARCH_USER_PATHS = NO;
				CLANG_ANALYZER_NONNULL = YES;
				CLANG_ANALYZER_NUMBER_OBJECT_CONVERSION = YES_AGGRESSIVE;
				CLANG_CXX_LANGUAGE_STANDARD = "gnu++14";
				CLANG_CXX_LIBRARY = "libc++";
				CLANG_ENABLE_MODULES = YES;
				CLANG_ENABLE_OBJC_ARC = YES;
				CLANG_ENABLE_OBJC_WEAK = YES;
				CLANG_WARN_BLOCK_CAPTURE_AUTORELEASING = YES;
				CLANG_WARN_BOOL_CONVERSION = YES;
				CLANG_WARN_COMMA = YES;
				CLANG_WARN_CONSTANT_CONVERSION = YES;
				CLANG_WARN_DEPRECATED_OBJC_IMPLEMENTATIONS = YES;
				CLANG_WARN_DIRECT_OBJC_ISA_USAGE = YES_ERROR;
				CLANG_WARN_DOCUMENTATION_COMMENTS = YES;
				CLANG_WARN_EMPTY_BODY = YES;
				CLANG_WARN_ENUM_CONVERSION = YES;
				CLANG_WARN_INFINITE_RECURSION = YES;
				CLANG_WARN_INT_CONVERSION = YES;
				CLANG_WARN_NON_LITERAL_NULL_CONVERSION = YES;
				CLANG_WARN_OBJC_IMPLICIT_RETAIN_SELF = YES;
				CLANG_WARN_OBJC_LITERAL_CONVERSION = YES;
				CLANG_WARN_OBJC_ROOT_CLASS = YES_ERROR;
				CLANG_WARN_RANGE_LOOP_ANALYSIS = YES;
				CLANG_WARN_STRICT_PROTOTYPES = YES;
				CLANG_WARN_SUSPICIOUS_MOVE = YES;
				CLANG_WARN_UNGUARDED_AVAILABILITY = YES_AGGRESSIVE;
				CLANG_WARN_UNREACHABLE_CODE = YES;
				CLANG_WARN__DUPLICATE_METHOD_MATCH = YES;
				CODE_SIGNING_REQUIRED = NO;
				CODE_SIGN_IDENTITY = "iPhone Developer";
				CODE_SIGN_STYLE = Manual;
				COPY_PHASE_STRIP = NO;
				DEBUG_INFORMATION_FORMAT = "dwarf-with-dsym";
				DEVELOPMENT_TEAM = TX8U89X44Q;
				ENABLE_STRICT_OBJC_MSGSEND = YES;
				ENABLE_TESTABILITY = YES;
				GCC_C_LANGUAGE_STANDARD = gnu11;
				GCC_DYNAMIC_NO_PIC = NO;
				GCC_NO_COMMON_BLOCKS = YES;
				GCC_OPTIMIZATION_LEVEL = 0;
				GCC_PREPROCESSOR_DEFINITIONS = (
					"DEBUG=1",
					"$(inherited)",
				);
				GCC_WARN_64_TO_32_BIT_CONVERSION = YES;
				GCC_WARN_ABOUT_RETURN_TYPE = YES_ERROR;
				GCC_WARN_UNDECLARED_SELECTOR = YES;
				GCC_WARN_UNINITIALIZED_AUTOS = YES_AGGRESSIVE;
				GCC_WARN_UNUSED_FUNCTION = YES;
				GCC_WARN_UNUSED_VARIABLE = YES;
				IPHONEOS_DEPLOYMENT_TARGET = 13.0;
				MTL_ENABLE_DEBUG_INFO = YES;
				ONLY_ACTIVE_ARCH = YES;
				PROVISIONING_PROFILE = "cc3de4b7-fd8d-4311-8266-a8170999d557";
				SDKROOT = iphoneos;
			};
			name = Debug;
		};
		8A8334ED21006C01007200B0 /* Release */ = {
			isa = XCBuildConfiguration;
			buildSettings = {
				ALWAYS_SEARCH_USER_PATHS = NO;
				CLANG_ANALYZER_NONNULL = YES;
				CLANG_ANALYZER_NUMBER_OBJECT_CONVERSION = YES_AGGRESSIVE;
				CLANG_CXX_LANGUAGE_STANDARD = "gnu++14";
				CLANG_CXX_LIBRARY = "libc++";
				CLANG_ENABLE_MODULES = YES;
				CLANG_ENABLE_OBJC_ARC = YES;
				CLANG_ENABLE_OBJC_WEAK = YES;
				CLANG_WARN_BLOCK_CAPTURE_AUTORELEASING = YES;
				CLANG_WARN_BOOL_CONVERSION = YES;
				CLANG_WARN_COMMA = YES;
				CLANG_WARN_CONSTANT_CONVERSION = YES;
				CLANG_WARN_DEPRECATED_OBJC_IMPLEMENTATIONS = YES;
				CLANG_WARN_DIRECT_OBJC_ISA_USAGE = YES_ERROR;
				CLANG_WARN_DOCUMENTATION_COMMENTS = YES;
				CLANG_WARN_EMPTY_BODY = YES;
				CLANG_WARN_ENUM_CONVERSION = YES;
				CLANG_WARN_INFINITE_RECURSION = YES;
				CLANG_WARN_INT_CONVERSION = YES;
				CLANG_WARN_NON_LITERAL_NULL_CONVERSION = YES;
				CLANG_WARN_OBJC_IMPLICIT_RETAIN_SELF = YES;
				CLANG_WARN_OBJC_LITERAL_CONVERSION = YES;
				CLANG_WARN_OBJC_ROOT_CLASS = YES_ERROR;
				CLANG_WARN_RANGE_LOOP_ANALYSIS = YES;
				CLANG_WARN_STRICT_PROTOTYPES = YES;
				CLANG_WARN_SUSPICIOUS_MOVE = YES;
				CLANG_WARN_UNGUARDED_AVAILABILITY = YES_AGGRESSIVE;
				CLANG_WARN_UNREACHABLE_CODE = YES;
				CLANG_WARN__DUPLICATE_METHOD_MATCH = YES;
				CODE_SIGNING_REQUIRED = NO;
				CODE_SIGN_IDENTITY = "iPhone Distribution: DUO ONLINE CORPORATION (5BA4MALA2M)";
				CODE_SIGN_STYLE = Manual;
				COPY_PHASE_STRIP = NO;
				DEBUG_INFORMATION_FORMAT = "dwarf-with-dsym";
				DEVELOPMENT_TEAM = TX8U89X44Q;
				ENABLE_NS_ASSERTIONS = NO;
				ENABLE_STRICT_OBJC_MSGSEND = YES;
				GCC_C_LANGUAGE_STANDARD = gnu11;
				GCC_NO_COMMON_BLOCKS = YES;
				GCC_WARN_64_TO_32_BIT_CONVERSION = YES;
				GCC_WARN_ABOUT_RETURN_TYPE = YES_ERROR;
				GCC_WARN_UNDECLARED_SELECTOR = YES;
				GCC_WARN_UNINITIALIZED_AUTOS = YES_AGGRESSIVE;
				GCC_WARN_UNUSED_FUNCTION = YES;
				GCC_WARN_UNUSED_VARIABLE = YES;
				IPHONEOS_DEPLOYMENT_TARGET = 13.0;
				MTL_ENABLE_DEBUG_INFO = NO;
				PROVISIONING_PROFILE = "de127cf1-f1a3-4921-bbc4-77803ee832da";
				SDKROOT = iphoneos;
				VALIDATE_PRODUCT = YES;
			};
			name = Release;
		};
		8A8334EF21006C01007200B0 /* Debug */ = {
			isa = XCBuildConfiguration;
			buildSettings = {
				ASSETCATALOG_COMPILER_APPICON_NAME = AppIcon;
				CLANG_ENABLE_MODULES = YES;
				CODE_SIGNING_REQUIRED = "";
				CODE_SIGN_ENTITLEMENTS = GosuApiv2_Demo/TienKiemMobileDebug.entitlements;
				CODE_SIGN_IDENTITY = "Apple Development";
				CODE_SIGN_STYLE = Automatic;
				CURRENT_PROJECT_VERSION = 5;
				DEFINES_MODULE = YES;
				DEVELOPMENT_TEAM = 38V4PWC8D9;
				ENABLE_BITCODE = NO;
				FRAMEWORK_SEARCH_PATHS = (
					"$(inherited)",
					"$(BUILD_DIR)/Debug-iphoneos/",
					"$(PROJECT_DIR)/GosuApiv2_Demo/SDK",
					"$(PROJECT_DIR)/GosuApiv2_Demo/SDK/frameworks",
				);
				HEADER_SEARCH_PATHS = (
					"$(BUILD_DIR)/Debug-iphoneos/include/GinSDK",
					"$(PROJECT_DIR)/GosuApiv2_Demo/GameSDK",
					"$(PROJECT_DIR)/GosuApiv2_Demo/GSinSDK",
				);
				INFOPLIST_FILE = GosuApiv2_Demo/Info.plist;
				IPHONEOS_DEPLOYMENT_TARGET = 13.0;
				LD_RUNPATH_SEARCH_PATHS = (
					"$(inherited)",
					"@executable_path/Frameworks",
					"@loader_path/Frameworks",
				);
				LIBRARY_SEARCH_PATHS = (
					"$(BUILD_DIR)/Debug-iphoneos/",
					"$(PROJECT_DIR)/GosuApiv2_Demo/SDK",
				);
				MARKETING_VERSION = 1.0.0;
				ONLY_ACTIVE_ARCH = YES;
				OTHER_LDFLAGS = (
					"-ObjC",
					"-lc++",
					"-lz",
				);
				PRODUCT_BUNDLE_IDENTIFIER = com.id.toantest;
				PRODUCT_NAME = GosuApiV2;
				PROVISIONING_PROFILE = "";
				PROVISIONING_PROFILE_SPECIFIER = "";
				SUPPORTED_PLATFORMS = "iphoneos iphonesimulator";
				SUPPORTS_MACCATALYST = NO;
				SUPPORTS_MAC_DESIGNED_FOR_IPHONE_IPAD = NO;
				SUPPORTS_XR_DESIGNED_FOR_IPHONE_IPAD = NO;
				SWIFT_OBJC_BRIDGING_HEADER = "GosuApiv2_Demo/GosuApiv2_Demo-Bridging-Header.h";
				SWIFT_OPTIMIZATION_LEVEL = "-Onone";
				SWIFT_VERSION = 5.0;
				TARGETED_DEVICE_FAMILY = 1;
				USER_HEADER_SEARCH_PATHS = "";
			};
			name = Debug;
		};
		8A8334F021006C01007200B0 /* Release */ = {
			isa = XCBuildConfiguration;
			buildSettings = {
				ASSETCATALOG_COMPILER_APPICON_NAME = AppIcon;
				CLANG_ENABLE_MODULES = YES;
				CODE_SIGNING_REQUIRED = "";
				CODE_SIGN_ENTITLEMENTS = GosuApiv2_Demo/GosuApiv2_Demo.entitlements;
				CODE_SIGN_IDENTITY = "iPhone Distribution";
				CODE_SIGN_STYLE = Manual;
				CURRENT_PROJECT_VERSION = 5;
				DEFINES_MODULE = YES;
				DEVELOPMENT_TEAM = C48HYS5WZ8;
				"DEVELOPMENT_TEAM[sdk=iphoneos*]" = TX8U89X44Q;
				ENABLE_BITCODE = NO;
				FRAMEWORK_SEARCH_PATHS = (
					"$(inherited)",
					"$(BUILD_DIR)/Debug-iphoneos/",
					"$(PROJECT_DIR)/GosuApiv2_Demo/SDK",
					"$(PROJECT_DIR)/GosuApiv2_Demo/SDK/frameworks",
				);
				HEADER_SEARCH_PATHS = (
					"$(BUILD_DIR)/Debug-iphoneos/include/GinSDK",
					"$(PROJECT_DIR)/GosuApiv2_Demo/GameSDK",
					"$(PROJECT_DIR)/GosuApiv2_Demo/GSinSDK",
				);
				INFOPLIST_FILE = GosuApiv2_Demo/Info.plist;
				IPHONEOS_DEPLOYMENT_TARGET = 13.0;
				LD_RUNPATH_SEARCH_PATHS = (
					"$(inherited)",
					"@executable_path/Frameworks",
					"@loader_path/Frameworks",
				);
				LIBRARY_SEARCH_PATHS = (
					"$(inherited)",
					"$(PROJECT_DIR)/GosuApiv2_Demo/SDK_Lib",
					"$(PROJECT_DIR)/GosuApiv2_Demo/SDK_Lib/include",
					"$(PROJECT_DIR)/SDK_Lib",
					"$(PROJECT_DIR)/GosuApiv2_Demo",
					"$(PROJECT_DIR)/GosuApiv2_Demo/GosuSDK",
					"$(PROJECT_DIR)/GosuApiv2_Demo/SDK_LIB",
					"$(BUILD_DIR)/Debug-iphoneos/",
					"$(PROJECT_DIR)/GosuApiv2_Demo/include/GosuSDK",
					"$(PROJECT_DIR)",
					"$(PROJECT_DIR)/GosuApiv2_Demo/GameSDK",
					"$(PROJECT_DIR)/GosuApiv2_Demo/GinSDKv1.0.0",
				);
				MARKETING_VERSION = 1.0.0;
				ONLY_ACTIVE_ARCH = YES;
				OTHER_LDFLAGS = (
					"-ObjC",
					"-lc++",
					"-lz",
				);
				PRODUCT_BUNDLE_IDENTIFIER = vn.gosu.cuuam2d;
				PRODUCT_NAME = GosuApiV2;
				PROVISIONING_PROFILE = "";
				PROVISIONING_PROFILE_SPECIFIER = 929disprofile;
				"PROVISIONING_PROFILE_SPECIFIER[sdk=iphoneos*]" = iOS_Applestore_6971;
				SUPPORTED_PLATFORMS = "iphoneos iphonesimulator";
				SUPPORTS_MACCATALYST = NO;
				SUPPORTS_MAC_DESIGNED_FOR_IPHONE_IPAD = NO;
				SUPPORTS_XR_DESIGNED_FOR_IPHONE_IPAD = NO;
				SWIFT_OBJC_BRIDGING_HEADER = "GosuApiv2_Demo/GosuApiv2_Demo-Bridging-Header.h";
				SWIFT_VERSION = 5.0;
				TARGETED_DEVICE_FAMILY = 1;
				USER_HEADER_SEARCH_PATHS = "";
			};
			name = Release;
		};
		CE6BF9E627CE0331008EC577 /* Debug_lmbaoboi */ = {
			isa = XCBuildConfiguration;
			buildSettings = {
				ALWAYS_SEARCH_USER_PATHS = NO;
				CLANG_ANALYZER_NONNULL = YES;
				CLANG_ANALYZER_NUMBER_OBJECT_CONVERSION = YES_AGGRESSIVE;
				CLANG_CXX_LANGUAGE_STANDARD = "gnu++14";
				CLANG_CXX_LIBRARY = "libc++";
				CLANG_ENABLE_MODULES = YES;
				CLANG_ENABLE_OBJC_ARC = YES;
				CLANG_ENABLE_OBJC_WEAK = YES;
				CLANG_WARN_BLOCK_CAPTURE_AUTORELEASING = YES;
				CLANG_WARN_BOOL_CONVERSION = YES;
				CLANG_WARN_COMMA = YES;
				CLANG_WARN_CONSTANT_CONVERSION = YES;
				CLANG_WARN_DEPRECATED_OBJC_IMPLEMENTATIONS = YES;
				CLANG_WARN_DIRECT_OBJC_ISA_USAGE = YES_ERROR;
				CLANG_WARN_DOCUMENTATION_COMMENTS = YES;
				CLANG_WARN_EMPTY_BODY = YES;
				CLANG_WARN_ENUM_CONVERSION = YES;
				CLANG_WARN_INFINITE_RECURSION = YES;
				CLANG_WARN_INT_CONVERSION = YES;
				CLANG_WARN_NON_LITERAL_NULL_CONVERSION = YES;
				CLANG_WARN_OBJC_IMPLICIT_RETAIN_SELF = YES;
				CLANG_WARN_OBJC_LITERAL_CONVERSION = YES;
				CLANG_WARN_OBJC_ROOT_CLASS = YES_ERROR;
				CLANG_WARN_RANGE_LOOP_ANALYSIS = YES;
				CLANG_WARN_STRICT_PROTOTYPES = YES;
				CLANG_WARN_SUSPICIOUS_MOVE = YES;
				CLANG_WARN_UNGUARDED_AVAILABILITY = YES_AGGRESSIVE;
				CLANG_WARN_UNREACHABLE_CODE = YES;
				CLANG_WARN__DUPLICATE_METHOD_MATCH = YES;
				CODE_SIGNING_REQUIRED = NO;
				CODE_SIGN_IDENTITY = "iPhone Developer";
				CODE_SIGN_STYLE = Manual;
				COPY_PHASE_STRIP = NO;
				DEBUG_INFORMATION_FORMAT = "dwarf-with-dsym";
				DEVELOPMENT_TEAM = TX8U89X44Q;
				ENABLE_STRICT_OBJC_MSGSEND = YES;
				ENABLE_TESTABILITY = YES;
				GCC_C_LANGUAGE_STANDARD = gnu11;
				GCC_DYNAMIC_NO_PIC = NO;
				GCC_NO_COMMON_BLOCKS = YES;
				GCC_OPTIMIZATION_LEVEL = 0;
				GCC_PREPROCESSOR_DEFINITIONS = (
					"DEBUG=1",
					"$(inherited)",
				);
				GCC_WARN_64_TO_32_BIT_CONVERSION = YES;
				GCC_WARN_ABOUT_RETURN_TYPE = YES_ERROR;
				GCC_WARN_UNDECLARED_SELECTOR = YES;
				GCC_WARN_UNINITIALIZED_AUTOS = YES_AGGRESSIVE;
				GCC_WARN_UNUSED_FUNCTION = YES;
				GCC_WARN_UNUSED_VARIABLE = YES;
				IPHONEOS_DEPLOYMENT_TARGET = 13.0;
				MTL_ENABLE_DEBUG_INFO = YES;
				ONLY_ACTIVE_ARCH = YES;
				PROVISIONING_PROFILE = "cc3de4b7-fd8d-4311-8266-a8170999d557";
				SDKROOT = iphoneos;
			};
			name = Debug_lmbaoboi;
		};
		CE6BF9E727CE0331008EC577 /* Debug_lmbaoboi */ = {
			isa = XCBuildConfiguration;
			buildSettings = {
				ASSETCATALOG_COMPILER_APPICON_NAME = AppIcon;
				CLANG_ENABLE_MODULES = YES;
				CODE_SIGNING_REQUIRED = "";
				CODE_SIGN_ENTITLEMENTS = GosuApiv2_Demo/TienKiemMobileDebug.entitlements;
				CODE_SIGN_IDENTITY = "iPhone Developer";
				"CODE_SIGN_IDENTITY[sdk=iphoneos*]" = "iPhone Developer";
				CODE_SIGN_STYLE = Manual;
				CURRENT_PROJECT_VERSION = 5;
				DEFINES_MODULE = YES;
				DEVELOPMENT_TEAM = 5BA4MALA2M;
				"DEVELOPMENT_TEAM[sdk=iphoneos*]" = ZJ5295VJK8;
				ENABLE_BITCODE = NO;
				FRAMEWORK_SEARCH_PATHS = (
					"$(inherited)",
					"$(BUILD_DIR)/Debug-iphoneos/",
					"$(PROJECT_DIR)/GosuApiv2_Demo/SDK",
					"$(PROJECT_DIR)/GosuApiv2_Demo/SDK/frameworks",
				);
				HEADER_SEARCH_PATHS = (
					"$(BUILD_DIR)/Debug-iphoneos/include/GinSDK",
					"$(PROJECT_DIR)/GosuApiv2_Demo/GameSDK",
					"$(PROJECT_DIR)/GosuApiv2_Demo/GSinSDK",
				);
				INFOPLIST_FILE = GosuApiv2_Demo/Info.plist;
				IPHONEOS_DEPLOYMENT_TARGET = 13.0;
				LD_RUNPATH_SEARCH_PATHS = (
					"$(inherited)",
					"@executable_path/Frameworks",
					"@loader_path/Frameworks",
				);
				LIBRARY_SEARCH_PATHS = (
					"$(BUILD_DIR)/Debug-iphoneos/",
					"$(BUILD_DIR)/Debug-iphoneos/include/GameSDK",
					"$(PROJECT_DIR)/GosuApiv2_Demo/GameSDK",
					"$(PROJECT_DIR)/GosuApiv2_Demo/GinSDKv1.0.0",
				);
				MARKETING_VERSION = 1.0.0;
				ONLY_ACTIVE_ARCH = YES;
				OTHER_LDFLAGS = (
					"-ObjC",
					"-lc++",
					"-lz",
				);
				PRODUCT_BUNDLE_IDENTIFIER = com.magiclg.sea;
				PRODUCT_NAME = GosuApiV2;
				PROVISIONING_PROFILE = "";
				PROVISIONING_PROFILE_SPECIFIER = 356_digi_dev;
				"PROVISIONING_PROFILE_SPECIFIER[sdk=iphoneos*]" = "iOS-DevMg-4";
				SUPPORTED_PLATFORMS = "iphoneos iphonesimulator";
				SUPPORTS_MACCATALYST = NO;
				SUPPORTS_MAC_DESIGNED_FOR_IPHONE_IPAD = NO;
				SUPPORTS_XR_DESIGNED_FOR_IPHONE_IPAD = NO;
				SWIFT_OBJC_BRIDGING_HEADER = "GosuApiv2_Demo/GosuApiv2_Demo-Bridging-Header.h";
				SWIFT_OPTIMIZATION_LEVEL = "-Onone";
				SWIFT_VERSION = 5.0;
				TARGETED_DEVICE_FAMILY = 1;
				USER_HEADER_SEARCH_PATHS = "";
			};
			name = Debug_lmbaoboi;
		};
/* End XCBuildConfiguration section */

/* Begin XCConfigurationList section */
		8A8334D321006C00007200B0 /* Build configuration list for PBXProject "GosuApiv2_Demo" */ = {
			isa = XCConfigurationList;
			buildConfigurations = (
				8A8334EC21006C01007200B0 /* Debug */,
				CE6BF9E627CE0331008EC577 /* Debug_lmbaoboi */,
				8A8334ED21006C01007200B0 /* Release */,
			);
			defaultConfigurationIsVisible = 0;
			defaultConfigurationName = Debug;
		};
		8A8334EE21006C01007200B0 /* Build configuration list for PBXNativeTarget "GosuApiv2_Demo" */ = {
			isa = XCConfigurationList;
			buildConfigurations = (
				8A8334EF21006C01007200B0 /* Debug */,
				CE6BF9E727CE0331008EC577 /* Debug_lmbaoboi */,
				8A8334F021006C01007200B0 /* Release */,
			);
			defaultConfigurationIsVisible = 0;
			defaultConfigurationName = Debug;
		};
/* End XCConfigurationList section */
	};
	rootObject = 8A8334D021006C00007200B0 /* Project object */;
}
