// !$*UTF8*$!
{
	archiveVersion = 1;
	classes = {
	};
	objectVersion = 50;
	objects = {

/* Begin PBXBuildFile section */
		620663302F6BE244009FF4E8 /* absl.framework in Frameworks */ = {isa = PBXBuildFile; fileRef = 620662EB2F6BE0A5009FF4E8 /* absl.framework */; };
		620663312F6BE244009FF4E8 /* absl.framework in Embed Frameworks */ = {isa = PBXBuildFile; fileRef = 620662EB2F6BE0A5009FF4E8 /* absl.framework */; settings = {ATTRIBUTES = (CodeSignOnCopy, RemoveHeadersOnCopy, ); }; };
		620663322F6BE248009FF4E8 /* Accelerate.framework in Frameworks */ = {isa = PBXBuildFile; fileRef = CEE354F525B31CD00008F412 /* Accelerate.framework */; };
		620663342F6BE249009FF4E8 /* AppAuth.framework in Frameworks */ = {isa = PBXBuildFile; fileRef = 620662D22F6BE0A5009FF4E8 /* AppAuth.framework */; };
		620663352F6BE249009FF4E8 /* AppAuth.framework in Embed Frameworks */ = {isa = PBXBuildFile; fileRef = 620662D22F6BE0A5009FF4E8 /* AppAuth.framework */; settings = {ATTRIBUTES = (CodeSignOnCopy, RemoveHeadersOnCopy, ); }; };
		620663362F6BE24A009FF4E8 /* AppsFlyerLib.framework in Frameworks */ = {isa = PBXBuildFile; fileRef = 620662CB2F6BE0A5009FF4E8 /* AppsFlyerLib.framework */; };
		620663372F6BE24B009FF4E8 /* AppsFlyerLib.framework in Embed Frameworks */ = {isa = PBXBuildFile; fileRef = 620662CB2F6BE0A5009FF4E8 /* AppsFlyerLib.framework */; settings = {ATTRIBUTES = (CodeSignOnCopy, RemoveHeadersOnCopy, ); }; };
		620663382F6BE24C009FF4E8 /* AuthenticationServices.framework in Frameworks */ = {isa = PBXBuildFile; fileRef = 8AB17D98239FCD6D0057AED5 /* AuthenticationServices.framework */; };
		6206633A2F6BE24E009FF4E8 /* FBAEMKit.framework in Frameworks */ = {isa = PBXBuildFile; fileRef = 620662CD2F6BE0A5009FF4E8 /* FBAEMKit.framework */; };
		6206633B2F6BE24E009FF4E8 /* FBAEMKit.framework in Embed Frameworks */ = {isa = PBXBuildFile; fileRef = 620662CD2F6BE0A5009FF4E8 /* FBAEMKit.framework */; settings = {ATTRIBUTES = (CodeSignOnCopy, RemoveHeadersOnCopy, ); }; };
		6206633C2F6BE24F009FF4E8 /* FBLPromises.framework in Frameworks */ = {isa = PBXBuildFile; fileRef = 620662D32F6BE0A5009FF4E8 /* FBLPromises.framework */; };
		6206633D2F6BE24F009FF4E8 /* FBLPromises.framework in Embed Frameworks */ = {isa = PBXBuildFile; fileRef = 620662D32F6BE0A5009FF4E8 /* FBLPromises.framework */; settings = {ATTRIBUTES = (CodeSignOnCopy, RemoveHeadersOnCopy, ); }; };
		6206633E2F6BE251009FF4E8 /* FBSDKCoreKit_Basics.framework in Frameworks */ = {isa = PBXBuildFile; fileRef = 620662CF2F6BE0A5009FF4E8 /* FBSDKCoreKit_Basics.framework */; };
		6206633F2F6BE251009FF4E8 /* FBSDKCoreKit_Basics.framework in Embed Frameworks */ = {isa = PBXBuildFile; fileRef = 620662CF2F6BE0A5009FF4E8 /* FBSDKCoreKit_Basics.framework */; settings = {ATTRIBUTES = (CodeSignOnCopy, RemoveHeadersOnCopy, ); }; };
		620663402F6BE254009FF4E8 /* FBSDKCoreKit.framework in Frameworks */ = {isa = PBXBuildFile; fileRef = 620662CE2F6BE0A5009FF4E8 /* FBSDKCoreKit.framework */; };
		620663412F6BE254009FF4E8 /* FBSDKCoreKit.framework in Embed Frameworks */ = {isa = PBXBuildFile; fileRef = 620662CE2F6BE0A5009FF4E8 /* FBSDKCoreKit.framework */; settings = {ATTRIBUTES = (CodeSignOnCopy, RemoveHeadersOnCopy, ); }; };
		620663422F6BE256009FF4E8 /* FBSDKLoginKit.framework in Frameworks */ = {isa = PBXBuildFile; fileRef = 620662D02F6BE0A5009FF4E8 /* FBSDKLoginKit.framework */; };
		620663432F6BE256009FF4E8 /* FBSDKLoginKit.framework in Embed Frameworks */ = {isa = PBXBuildFile; fileRef = 620662D02F6BE0A5009FF4E8 /* FBSDKLoginKit.framework */; settings = {ATTRIBUTES = (CodeSignOnCopy, RemoveHeadersOnCopy, ); }; };
		620663442F6BE258009FF4E8 /* FirebaseABTesting.framework in Frameworks */ = {isa = PBXBuildFile; fileRef = 620662D42F6BE0A5009FF4E8 /* FirebaseABTesting.framework */; };
		620663452F6BE258009FF4E8 /* FirebaseABTesting.framework in Embed Frameworks */ = {isa = PBXBuildFile; fileRef = 620662D42F6BE0A5009FF4E8 /* FirebaseABTesting.framework */; settings = {ATTRIBUTES = (CodeSignOnCopy, RemoveHeadersOnCopy, ); }; };
		620663462F6BE25D009FF4E8 /* FirebaseAnalytics.framework in Frameworks */ = {isa = PBXBuildFile; fileRef = 620662D52F6BE0A5009FF4E8 /* FirebaseAnalytics.framework */; };
		620663472F6BE25D009FF4E8 /* FirebaseAnalytics.framework in Embed Frameworks */ = {isa = PBXBuildFile; fileRef = 620662D52F6BE0A5009FF4E8 /* FirebaseAnalytics.framework */; settings = {ATTRIBUTES = (CodeSignOnCopy, RemoveHeadersOnCopy, ); }; };
		620663482F6BE260009FF4E8 /* FirebaseCore.framework in Frameworks */ = {isa = PBXBuildFile; fileRef = 620662D62F6BE0A5009FF4E8 /* FirebaseCore.framework */; };
		620663492F6BE260009FF4E8 /* FirebaseCore.framework in Embed Frameworks */ = {isa = PBXBuildFile; fileRef = 620662D62F6BE0A5009FF4E8 /* FirebaseCore.framework */; settings = {ATTRIBUTES = (CodeSignOnCopy, RemoveHeadersOnCopy, ); }; };
		6206634A2F6BE2B7009FF4E8 /* FirebaseCoreExtension.framework in Frameworks */ = {isa = PBXBuildFile; fileRef = 620662D72F6BE0A5009FF4E8 /* FirebaseCoreExtension.framework */; };
		6206634B2F6BE2B7009FF4E8 /* FirebaseCoreExtension.framework in Embed Frameworks */ = {isa = PBXBuildFile; fileRef = 620662D72F6BE0A5009FF4E8 /* FirebaseCoreExtension.framework */; settings = {ATTRIBUTES = (CodeSignOnCopy, RemoveHeadersOnCopy, ); }; };
		6206634C2F6BE2B8009FF4E8 /* FirebaseCoreInternal.framework in Frameworks */ = {isa = PBXBuildFile; fileRef = 620662D82F6BE0A5009FF4E8 /* FirebaseCoreInternal.framework */; };
		6206634D2F6BE2B8009FF4E8 /* FirebaseCoreInternal.framework in Embed Frameworks */ = {isa = PBXBuildFile; fileRef = 620662D82F6BE0A5009FF4E8 /* FirebaseCoreInternal.framework */; settings = {ATTRIBUTES = (CodeSignOnCopy, RemoveHeadersOnCopy, ); }; };
		6206634E2F6BE2C1009FF4E8 /* FirebaseCrashlytics.framework in Frameworks */ = {isa = PBXBuildFile; fileRef = 620662D92F6BE0A5009FF4E8 /* FirebaseCrashlytics.framework */; };
		6206634F2F6BE2C1009FF4E8 /* FirebaseCrashlytics.framework in Embed Frameworks */ = {isa = PBXBuildFile; fileRef = 620662D92F6BE0A5009FF4E8 /* FirebaseCrashlytics.framework */; settings = {ATTRIBUTES = (CodeSignOnCopy, RemoveHeadersOnCopy, ); }; };
		620663502F6BE2C4009FF4E8 /* FirebaseInstallations.framework in Frameworks */ = {isa = PBXBuildFile; fileRef = 620662DA2F6BE0A5009FF4E8 /* FirebaseInstallations.framework */; };
		620663512F6BE2C4009FF4E8 /* FirebaseInstallations.framework in Embed Frameworks */ = {isa = PBXBuildFile; fileRef = 620662DA2F6BE0A5009FF4E8 /* FirebaseInstallations.framework */; settings = {ATTRIBUTES = (CodeSignOnCopy, RemoveHeadersOnCopy, ); }; };
		620663522F6BE2C6009FF4E8 /* FirebaseMessaging.framework in Frameworks */ = {isa = PBXBuildFile; fileRef = 620662DB2F6BE0A5009FF4E8 /* FirebaseMessaging.framework */; };
		620663532F6BE2C6009FF4E8 /* FirebaseMessaging.framework in Embed Frameworks */ = {isa = PBXBuildFile; fileRef = 620662DB2F6BE0A5009FF4E8 /* FirebaseMessaging.framework */; settings = {ATTRIBUTES = (CodeSignOnCopy, RemoveHeadersOnCopy, ); }; };
		620663542F6BE2C8009FF4E8 /* FirebasePerformance.framework in Frameworks */ = {isa = PBXBuildFile; fileRef = 620662DC2F6BE0A5009FF4E8 /* FirebasePerformance.framework */; };
		620663552F6BE2C8009FF4E8 /* FirebasePerformance.framework in Embed Frameworks */ = {isa = PBXBuildFile; fileRef = 620662DC2F6BE0A5009FF4E8 /* FirebasePerformance.framework */; settings = {ATTRIBUTES = (CodeSignOnCopy, RemoveHeadersOnCopy, ); }; };
		620663562F6BE2CA009FF4E8 /* FirebaseRemoteConfig.framework in Frameworks */ = {isa = PBXBuildFile; fileRef = 620662DD2F6BE0A5009FF4E8 /* FirebaseRemoteConfig.framework */; };
		620663572F6BE2CA009FF4E8 /* FirebaseRemoteConfig.framework in Embed Frameworks */ = {isa = PBXBuildFile; fileRef = 620662DD2F6BE0A5009FF4E8 /* FirebaseRemoteConfig.framework */; settings = {ATTRIBUTES = (CodeSignOnCopy, RemoveHeadersOnCopy, ); }; };
		620663582F6BE2CB009FF4E8 /* FirebaseRemoteConfigInterop.framework in Frameworks */ = {isa = PBXBuildFile; fileRef = 620662DE2F6BE0A5009FF4E8 /* FirebaseRemoteConfigInterop.framework */; };
		620663592F6BE2CB009FF4E8 /* FirebaseRemoteConfigInterop.framework in Embed Frameworks */ = {isa = PBXBuildFile; fileRef = 620662DE2F6BE0A5009FF4E8 /* FirebaseRemoteConfigInterop.framework */; settings = {ATTRIBUTES = (CodeSignOnCopy, RemoveHeadersOnCopy, ); }; };
		6206635A2F6BE2D0009FF4E8 /* FirebaseSessions.framework in Frameworks */ = {isa = PBXBuildFile; fileRef = 620662DF2F6BE0A5009FF4E8 /* FirebaseSessions.framework */; };
		6206635B2F6BE2D0009FF4E8 /* FirebaseSessions.framework in Embed Frameworks */ = {isa = PBXBuildFile; fileRef = 620662DF2F6BE0A5009FF4E8 /* FirebaseSessions.framework */; settings = {ATTRIBUTES = (CodeSignOnCopy, RemoveHeadersOnCopy, ); }; };
		6206635C2F6BE2D1009FF4E8 /* FirebaseSharedSwift.framework in Frameworks */ = {isa = PBXBuildFile; fileRef = 620662E02F6BE0A5009FF4E8 /* FirebaseSharedSwift.framework */; };
		6206635D2F6BE2D1009FF4E8 /* FirebaseSharedSwift.framework in Embed Frameworks */ = {isa = PBXBuildFile; fileRef = 620662E02F6BE0A5009FF4E8 /* FirebaseSharedSwift.framework */; settings = {ATTRIBUTES = (CodeSignOnCopy, RemoveHeadersOnCopy, ); }; };
		6206635E2F6BE2D3009FF4E8 /* GoogleAppMeasurement.framework in Frameworks */ = {isa = PBXBuildFile; fileRef = 620662E12F6BE0A5009FF4E8 /* GoogleAppMeasurement.framework */; };
		6206635F2F6BE2D3009FF4E8 /* GoogleAppMeasurement.framework in Embed Frameworks */ = {isa = PBXBuildFile; fileRef = 620662E12F6BE0A5009FF4E8 /* GoogleAppMeasurement.framework */; settings = {ATTRIBUTES = (CodeSignOnCopy, RemoveHeadersOnCopy, ); }; };
		620663602F6BE2D6009FF4E8 /* GoogleAppMeasurementIdentitySupport.framework in Frameworks */ = {isa = PBXBuildFile; fileRef = 620662E22F6BE0A5009FF4E8 /* GoogleAppMeasurementIdentitySupport.framework */; };
		620663612F6BE2D6009FF4E8 /* GoogleAppMeasurementIdentitySupport.framework in Embed Frameworks */ = {isa = PBXBuildFile; fileRef = 620662E22F6BE0A5009FF4E8 /* GoogleAppMeasurementIdentitySupport.framework */; settings = {ATTRIBUTES = (CodeSignOnCopy, RemoveHeadersOnCopy, ); }; };
		620663622F6BE2D7009FF4E8 /* GoogleDataTransport.framework in Frameworks */ = {isa = PBXBuildFile; fileRef = 620662E32F6BE0A5009FF4E8 /* GoogleDataTransport.framework */; };
		620663632F6BE2D7009FF4E8 /* GoogleDataTransport.framework in Embed Frameworks */ = {isa = PBXBuildFile; fileRef = 620662E32F6BE0A5009FF4E8 /* GoogleDataTransport.framework */; settings = {ATTRIBUTES = (CodeSignOnCopy, RemoveHeadersOnCopy, ); }; };
		620663642F6BE2DA009FF4E8 /* GoogleSignIn.framework in Frameworks */ = {isa = PBXBuildFile; fileRef = 620662E42F6BE0A5009FF4E8 /* GoogleSignIn.framework */; };
		620663652F6BE2DA009FF4E8 /* GoogleSignIn.framework in Embed Frameworks */ = {isa = PBXBuildFile; fileRef = 620662E42F6BE0A5009FF4E8 /* GoogleSignIn.framework */; settings = {ATTRIBUTES = (CodeSignOnCopy, RemoveHeadersOnCopy, ); }; };
		620663662F6BE2DE009FF4E8 /* GoogleUtilities.framework in Frameworks */ = {isa = PBXBuildFile; fileRef = 620662E52F6BE0A5009FF4E8 /* GoogleUtilities.framework */; };
		620663672F6BE2DE009FF4E8 /* GoogleUtilities.framework in Embed Frameworks */ = {isa = PBXBuildFile; fileRef = 620662E52F6BE0A5009FF4E8 /* GoogleUtilities.framework */; settings = {ATTRIBUTES = (CodeSignOnCopy, RemoveHeadersOnCopy, ); }; };
		620663682F6BE2DF009FF4E8 /* grpc.framework in Frameworks */ = {isa = PBXBuildFile; fileRef = 620662EC2F6BE0A5009FF4E8 /* grpc.framework */; };
		620663692F6BE2DF009FF4E8 /* grpc.framework in Embed Frameworks */ = {isa = PBXBuildFile; fileRef = 620662EC2F6BE0A5009FF4E8 /* grpc.framework */; settings = {ATTRIBUTES = (CodeSignOnCopy, RemoveHeadersOnCopy, ); }; };
		6206636A2F6BE2EB009FF4E8 /* GRPCClient.framework in Frameworks */ = {isa = PBXBuildFile; fileRef = 620662ED2F6BE0A5009FF4E8 /* GRPCClient.framework */; };
		6206636B2F6BE2EB009FF4E8 /* GRPCClient.framework in Embed Frameworks */ = {isa = PBXBuildFile; fileRef = 620662ED2F6BE0A5009FF4E8 /* GRPCClient.framework */; settings = {ATTRIBUTES = (CodeSignOnCopy, RemoveHeadersOnCopy, ); }; };
		6206636C2F6BE2ED009FF4E8 /* GTMSessionFetcher.framework in Frameworks */ = {isa = PBXBuildFile; fileRef = 620662E72F6BE0A5009FF4E8 /* GTMSessionFetcher.framework */; };
		6206636D2F6BE2ED009FF4E8 /* GTMSessionFetcher.framework in Embed Frameworks */ = {isa = PBXBuildFile; fileRef = 620662E72F6BE0A5009FF4E8 /* GTMSessionFetcher.framework */; settings = {ATTRIBUTES = (CodeSignOnCopy, RemoveHeadersOnCopy, ); }; };
		6206636E2F6BE2EE009FF4E8 /* GTMAppAuth.framework in Frameworks */ = {isa = PBXBuildFile; fileRef = 620662E62F6BE0A5009FF4E8 /* GTMAppAuth.framework */; };
		6206636F2F6BE2EE009FF4E8 /* GTMAppAuth.framework in Embed Frameworks */ = {isa = PBXBuildFile; fileRef = 620662E62F6BE0A5009FF4E8 /* GTMAppAuth.framework */; settings = {ATTRIBUTES = (CodeSignOnCopy, RemoveHeadersOnCopy, ); }; };
		620663702F6BE2F4009FF4E8 /* ItsSDK.framework in Frameworks */ = {isa = PBXBuildFile; fileRef = 620663002F6BE0A5009FF4E8 /* ItsSDK.framework */; };
		620663712F6BE2F4009FF4E8 /* ItsSDK.framework in Embed Frameworks */ = {isa = PBXBuildFile; fileRef = 620663002F6BE0A5009FF4E8 /* ItsSDK.framework */; settings = {ATTRIBUTES = (CodeSignOnCopy, RemoveHeadersOnCopy, ); }; };
		620663722F6BE2F8009FF4E8 /* MediaPlayer.framework in Frameworks */ = {isa = PBXBuildFile; fileRef = 8A9A52CF212D1C6D0097A25C /* MediaPlayer.framework */; };
		620663742F6BE2F9009FF4E8 /* MessageUI.framework in Frameworks */ = {isa = PBXBuildFile; fileRef = 8A83352521006DCC007200B0 /* MessageUI.framework */; };
		620663762F6BE2FB009FF4E8 /* MetricsReporter.framework in Frameworks */ = {isa = PBXBuildFile; fileRef = 620663012F6BE0A5009FF4E8 /* MetricsReporter.framework */; };
		620663772F6BE2FB009FF4E8 /* MetricsReporter.framework in Embed Frameworks */ = {isa = PBXBuildFile; fileRef = 620663012F6BE0A5009FF4E8 /* MetricsReporter.framework */; settings = {ATTRIBUTES = (CodeSignOnCopy, RemoveHeadersOnCopy, ); }; };
		620663782F6BE2FF009FF4E8 /* MobileCoreServices.framework in Frameworks */ = {isa = PBXBuildFile; fileRef = 8A83352921006DDA007200B0 /* MobileCoreServices.framework */; };
		6206637A2F6BE302009FF4E8 /* nanopb.framework in Frameworks */ = {isa = PBXBuildFile; fileRef = 620662E82F6BE0A5009FF4E8 /* nanopb.framework */; };
		6206637B2F6BE302009FF4E8 /* nanopb.framework in Embed Frameworks */ = {isa = PBXBuildFile; fileRef = 620662E82F6BE0A5009FF4E8 /* nanopb.framework */; settings = {ATTRIBUTES = (CodeSignOnCopy, RemoveHeadersOnCopy, ); }; };
		6206637C2F6BE303009FF4E8 /* openssl_grpc.framework in Frameworks */ = {isa = PBXBuildFile; fileRef = 620662EE2F6BE0A5009FF4E8 /* openssl_grpc.framework */; };
		6206637D2F6BE303009FF4E8 /* openssl_grpc.framework in Embed Frameworks */ = {isa = PBXBuildFile; fileRef = 620662EE2F6BE0A5009FF4E8 /* openssl_grpc.framework */; settings = {ATTRIBUTES = (CodeSignOnCopy, RemoveHeadersOnCopy, ); }; };
		6206637E2F6BE304009FF4E8 /* Promises.framework in Frameworks */ = {isa = PBXBuildFile; fileRef = 620662E92F6BE0A5009FF4E8 /* Promises.framework */; };
		6206637F2F6BE304009FF4E8 /* Promises.framework in Embed Frameworks */ = {isa = PBXBuildFile; fileRef = 620662E92F6BE0A5009FF4E8 /* Promises.framework */; settings = {ATTRIBUTES = (CodeSignOnCopy, RemoveHeadersOnCopy, ); }; };
		620663802F6BE307009FF4E8 /* Protobuf.framework in Frameworks */ = {isa = PBXBuildFile; fileRef = 620662EF2F6BE0A5009FF4E8 /* Protobuf.framework */; };
		620663812F6BE307009FF4E8 /* Protobuf.framework in Embed Frameworks */ = {isa = PBXBuildFile; fileRef = 620662EF2F6BE0A5009FF4E8 /* Protobuf.framework */; settings = {ATTRIBUTES = (CodeSignOnCopy, RemoveHeadersOnCopy, ); }; };
		620663822F6BE309009FF4E8 /* ProtoRPC.framework in Frameworks */ = {isa = PBXBuildFile; fileRef = 620662F02F6BE0A5009FF4E8 /* ProtoRPC.framework */; };
		620663832F6BE309009FF4E8 /* ProtoRPC.framework in Embed Frameworks */ = {isa = PBXBuildFile; fileRef = 620662F02F6BE0A5009FF4E8 /* ProtoRPC.framework */; settings = {ATTRIBUTES = (CodeSignOnCopy, RemoveHeadersOnCopy, ); }; };
		620663842F6BE30A009FF4E8 /* RSCrashReporter.framework in Frameworks */ = {isa = PBXBuildFile; fileRef = 620663022F6BE0A5009FF4E8 /* RSCrashReporter.framework */; };
		620663852F6BE30A009FF4E8 /* RSCrashReporter.framework in Embed Frameworks */ = {isa = PBXBuildFile; fileRef = 620663022F6BE0A5009FF4E8 /* RSCrashReporter.framework */; settings = {ATTRIBUTES = (CodeSignOnCopy, RemoveHeadersOnCopy, ); }; };
		620663862F6BE30D009FF4E8 /* Rudder.framework in Frameworks */ = {isa = PBXBuildFile; fileRef = 620663032F6BE0A5009FF4E8 /* Rudder.framework */; };
		620663872F6BE30D009FF4E8 /* Rudder.framework in Embed Frameworks */ = {isa = PBXBuildFile; fileRef = 620663032F6BE0A5009FF4E8 /* Rudder.framework */; settings = {ATTRIBUTES = (CodeSignOnCopy, RemoveHeadersOnCopy, ); }; };
		620663882F6BE30E009FF4E8 /* RudderKit.framework in Frameworks */ = {isa = PBXBuildFile; fileRef = 620663042F6BE0A5009FF4E8 /* RudderKit.framework */; };
		620663892F6BE30E009FF4E8 /* RudderKit.framework in Embed Frameworks */ = {isa = PBXBuildFile; fileRef = 620663042F6BE0A5009FF4E8 /* RudderKit.framework */; settings = {ATTRIBUTES = (CodeSignOnCopy, RemoveHeadersOnCopy, ); }; };
		6206638A2F6BE311009FF4E8 /* RxLibrary.framework in Frameworks */ = {isa = PBXBuildFile; fileRef = 620662F12F6BE0A5009FF4E8 /* RxLibrary.framework */; };
		6206638B2F6BE311009FF4E8 /* RxLibrary.framework in Embed Frameworks */ = {isa = PBXBuildFile; fileRef = 620662F12F6BE0A5009FF4E8 /* RxLibrary.framework */; settings = {ATTRIBUTES = (CodeSignOnCopy, RemoveHeadersOnCopy, ); }; };
		6206638C2F6BE312009FF4E8 /* SystemConfiguration.framework in Frameworks */ = {isa = PBXBuildFile; fileRef = 8A83352721006DD4007200B0 /* SystemConfiguration.framework */; };
		6269C21B2EB0C36E00C96AA1 /* libGosuSDK.a in Frameworks */ = {isa = PBXBuildFile; fileRef = 6269C2182EB0C36E00C96AA1 /* libGosuSDK.a */; };
		6269C2442EB0C36E00C96AA1 /* SDKDataResource.bundle in Resources */ = {isa = PBXBuildFile; fileRef = 6269C2192EB0C36E00C96AA1 /* SDKDataResource.bundle */; };
		8A5528C3211B324700F7E933 /* LaunchScreen.storyboard in Resources */ = {isa = PBXBuildFile; fileRef = 8A5528C2211B324700F7E933 /* LaunchScreen.storyboard */; };
		8A5528C5211B330000F7E933 /* ap_logo.png in Resources */ = {isa = PBXBuildFile; fileRef = 8A5528C4211B330000F7E933 /* ap_logo.png */; };
		8A8334DD21006C00007200B0 /* AppDelegate.m in Sources */ = {isa = PBXBuildFile; fileRef = 8A8334DC21006C00007200B0 /* AppDelegate.m */; };
		8A8334E521006C01007200B0 /* Assets.xcassets in Resources */ = {isa = PBXBuildFile; fileRef = 8A8334E421006C01007200B0 /* Assets.xcassets */; };
		8A8334EB21006C01007200B0 /* main.m in Sources */ = {isa = PBXBuildFile; fileRef = 8A8334EA21006C01007200B0 /* main.m */; };
		8A83351621006CD2007200B0 /* bg.jpg in Resources */ = {isa = PBXBuildFile; fileRef = 8A8334F521006CD2007200B0 /* bg.jpg */; };
		8A83351721006CD2007200B0 /* MainViewController.m in Sources */ = {isa = PBXBuildFile; fileRef = 8A8334F921006CD2007200B0 /* MainViewController.m */; };
		8A83351821006CD2007200B0 /* MainViewController.xib in Resources */ = {isa = PBXBuildFile; fileRef = 8A8334FA21006CD2007200B0 /* MainViewController.xib */; };
		CE2D707B2542CBE400499913 /* GoogleService-Info.plist in Resources */ = {isa = PBXBuildFile; fileRef = CE2D707A2542CBE400499913 /* GoogleService-Info.plist */; };
		CE310E1E2B70F02100C3CB98 /* GosuBridge.m in Sources */ = {isa = PBXBuildFile; fileRef = CE310E1D2B70F02100C3CB98 /* GosuBridge.m */; };
		CEE10E4227E0902000129EBC /* File.swift in Sources */ = {isa = PBXBuildFile; fileRef = CEE10E4127E0902000129EBC /* File.swift */; };
/* End PBXBuildFile section */

/* Begin PBXContainerItemProxy section */
		22D09CEE2C2F9A1900043100 /* PBXContainerItemProxy */ = {
			isa = PBXContainerItemProxy;
			containerPortal = 22D09CE92C2F9A1900043100 /* GinSDK.xcodeproj */;
			proxyType = 2;
			remoteGlobalIDString = CE9CA000299C7D2A00547216;
			remoteInfo = GosuSDK;
		};
		22D09CF02C2F9A1900043100 /* PBXContainerItemProxy */ = {
			isa = PBXContainerItemProxy;
			containerPortal = 22D09CE92C2F9A1900043100 /* GinSDK.xcodeproj */;
			proxyType = 2;
			remoteGlobalIDString = CE314EB627EEFD0A003C2DF5;
			remoteInfo = SDKDataResource;
		};
/* End PBXContainerItemProxy section */

/* Begin PBXCopyFilesBuildPhase section */
		12329B162CC8EFA50013240C /* Embed Frameworks */ = {
			isa = PBXCopyFilesBuildPhase;
			buildActionMask = 2147483647;
			dstPath = "";
			dstSubfolderSpec = 10;
			files = (
				6206637F2F6BE304009FF4E8 /* Promises.framework in Embed Frameworks */,
				6206637B2F6BE302009FF4E8 /* nanopb.framework in Embed Frameworks */,
				6206635B2F6BE2D0009FF4E8 /* FirebaseSessions.framework in Embed Frameworks */,
				6206636D2F6BE2ED009FF4E8 /* GTMSessionFetcher.framework in Embed Frameworks */,
				6206638B2F6BE311009FF4E8 /* RxLibrary.framework in Embed Frameworks */,
				6206634B2F6BE2B7009FF4E8 /* FirebaseCoreExtension.framework in Embed Frameworks */,
				620663592F6BE2CB009FF4E8 /* FirebaseRemoteConfigInterop.framework in Embed Frameworks */,
				620663692F6BE2DF009FF4E8 /* grpc.framework in Embed Frameworks */,
				620663572F6BE2CA009FF4E8 /* FirebaseRemoteConfig.framework in Embed Frameworks */,
				6206633F2F6BE251009FF4E8 /* FBSDKCoreKit_Basics.framework in Embed Frameworks */,
				620663492F6BE260009FF4E8 /* FirebaseCore.framework in Embed Frameworks */,
				620663672F6BE2DE009FF4E8 /* GoogleUtilities.framework in Embed Frameworks */,
				620663552F6BE2C8009FF4E8 /* FirebasePerformance.framework in Embed Frameworks */,
				620663852F6BE30A009FF4E8 /* RSCrashReporter.framework in Embed Frameworks */,
				6206634F2F6BE2C1009FF4E8 /* FirebaseCrashlytics.framework in Embed Frameworks */,
				6206636F2F6BE2EE009FF4E8 /* GTMAppAuth.framework in Embed Frameworks */,
				620663312F6BE244009FF4E8 /* absl.framework in Embed Frameworks */,
				620663432F6BE256009FF4E8 /* FBSDKLoginKit.framework in Embed Frameworks */,
				620663532F6BE2C6009FF4E8 /* FirebaseMessaging.framework in Embed Frameworks */,
				6206635D2F6BE2D1009FF4E8 /* FirebaseSharedSwift.framework in Embed Frameworks */,
				620663812F6BE307009FF4E8 /* Protobuf.framework in Embed Frameworks */,
				620663712F6BE2F4009FF4E8 /* ItsSDK.framework in Embed Frameworks */,
				620663872F6BE30D009FF4E8 /* Rudder.framework in Embed Frameworks */,
				620663832F6BE309009FF4E8 /* ProtoRPC.framework in Embed Frameworks */,
				6206634D2F6BE2B8009FF4E8 /* FirebaseCoreInternal.framework in Embed Frameworks */,
				6206635F2F6BE2D3009FF4E8 /* GoogleAppMeasurement.framework in Embed Frameworks */,
				620663612F6BE2D6009FF4E8 /* GoogleAppMeasurementIdentitySupport.framework in Embed Frameworks */,
				620663652F6BE2DA009FF4E8 /* GoogleSignIn.framework in Embed Frameworks */,
				6206636B2F6BE2EB009FF4E8 /* GRPCClient.framework in Embed Frameworks */,
				620663512F6BE2C4009FF4E8 /* FirebaseInstallations.framework in Embed Frameworks */,
				620663352F6BE249009FF4E8 /* AppAuth.framework in Embed Frameworks */,
				620663372F6BE24B009FF4E8 /* AppsFlyerLib.framework in Embed Frameworks */,
				620663452F6BE258009FF4E8 /* FirebaseABTesting.framework in Embed Frameworks */,
				620663472F6BE25D009FF4E8 /* FirebaseAnalytics.framework in Embed Frameworks */,
				620663772F6BE2FB009FF4E8 /* MetricsReporter.framework in Embed Frameworks */,
				6206633D2F6BE24F009FF4E8 /* FBLPromises.framework in Embed Frameworks */,
				6206637D2F6BE303009FF4E8 /* openssl_grpc.framework in Embed Frameworks */,
				620663632F6BE2D7009FF4E8 /* GoogleDataTransport.framework in Embed Frameworks */,
				620663412F6BE254009FF4E8 /* FBSDKCoreKit.framework in Embed Frameworks */,
				6206633B2F6BE24E009FF4E8 /* FBAEMKit.framework in Embed Frameworks */,
				620663892F6BE30E009FF4E8 /* RudderKit.framework in Embed Frameworks */,
			);
			name = "Embed Frameworks";
			runOnlyForDeploymentPostprocessing = 0;
		};
/* End PBXCopyFilesBuildPhase section */

/* Begin PBXFileReference section */
		22D09CE92C2F9A1900043100 /* GinSDK.xcodeproj */ = {isa = PBXFileReference; lastKnownFileType = "wrapper.pb-project"; name = GinSDK.xcodeproj; path = ../SDK/GinSDK.xcodeproj; sourceTree = "<group>"; };
		620662CB2F6BE0A5009FF4E8 /* AppsFlyerLib.framework */ = {isa = PBXFileReference; lastKnownFileType = wrapper.framework; path = AppsFlyerLib.framework; sourceTree = "<group>"; };
		620662CD2F6BE0A5009FF4E8 /* FBAEMKit.framework */ = {isa = PBXFileReference; lastKnownFileType = wrapper.framework; path = FBAEMKit.framework; sourceTree = "<group>"; };
		620662CE2F6BE0A5009FF4E8 /* FBSDKCoreKit.framework */ = {isa = PBXFileReference; lastKnownFileType = wrapper.framework; path = FBSDKCoreKit.framework; sourceTree = "<group>"; };
		620662CF2F6BE0A5009FF4E8 /* FBSDKCoreKit_Basics.framework */ = {isa = PBXFileReference; lastKnownFileType = wrapper.framework; path = FBSDKCoreKit_Basics.framework; sourceTree = "<group>"; };
		620662D02F6BE0A5009FF4E8 /* FBSDKLoginKit.framework */ = {isa = PBXFileReference; lastKnownFileType = wrapper.framework; path = FBSDKLoginKit.framework; sourceTree = "<group>"; };
		620662D22F6BE0A5009FF4E8 /* AppAuth.framework */ = {isa = PBXFileReference; lastKnownFileType = wrapper.framework; path = AppAuth.framework; sourceTree = "<group>"; };
		620662D32F6BE0A5009FF4E8 /* FBLPromises.framework */ = {isa = PBXFileReference; lastKnownFileType = wrapper.framework; path = FBLPromises.framework; sourceTree = "<group>"; };
		620662D42F6BE0A5009FF4E8 /* FirebaseABTesting.framework */ = {isa = PBXFileReference; lastKnownFileType = wrapper.framework; path = FirebaseABTesting.framework; sourceTree = "<group>"; };
		620662D52F6BE0A5009FF4E8 /* FirebaseAnalytics.framework */ = {isa = PBXFileReference; lastKnownFileType = wrapper.framework; path = FirebaseAnalytics.framework; sourceTree = "<group>"; };
		620662D62F6BE0A5009FF4E8 /* FirebaseCore.framework */ = {isa = PBXFileReference; lastKnownFileType = wrapper.framework; path = FirebaseCore.framework; sourceTree = "<group>"; };
		620662D72F6BE0A5009FF4E8 /* FirebaseCoreExtension.framework */ = {isa = PBXFileReference; lastKnownFileType = wrapper.framework; path = FirebaseCoreExtension.framework; sourceTree = "<group>"; };
		620662D82F6BE0A5009FF4E8 /* FirebaseCoreInternal.framework */ = {isa = PBXFileReference; lastKnownFileType = wrapper.framework; path = FirebaseCoreInternal.framework; sourceTree = "<group>"; };
		620662D92F6BE0A5009FF4E8 /* FirebaseCrashlytics.framework */ = {isa = PBXFileReference; lastKnownFileType = wrapper.framework; path = FirebaseCrashlytics.framework; sourceTree = "<group>"; };
		620662DA2F6BE0A5009FF4E8 /* FirebaseInstallations.framework */ = {isa = PBXFileReference; lastKnownFileType = wrapper.framework; path = FirebaseInstallations.framework; sourceTree = "<group>"; };
		620662DB2F6BE0A5009FF4E8 /* FirebaseMessaging.framework */ = {isa = PBXFileReference; lastKnownFileType = wrapper.framework; path = FirebaseMessaging.framework; sourceTree = "<group>"; };
		620662DC2F6BE0A5009FF4E8 /* FirebasePerformance.framework */ = {isa = PBXFileReference; lastKnownFileType = wrapper.framework; path = FirebasePerformance.framework; sourceTree = "<group>"; };
		620662DD2F6BE0A5009FF4E8 /* FirebaseRemoteConfig.framework */ = {isa = PBXFileReference; lastKnownFileType = wrapper.framework; path = FirebaseRemoteConfig.framework; sourceTree = "<group>"; };
		620662DE2F6BE0A5009FF4E8 /* FirebaseRemoteConfigInterop.framework */ = {isa = PBXFileReference; lastKnownFileType = wrapper.framework; path = FirebaseRemoteConfigInterop.framework; sourceTree = "<group>"; };
		620662DF2F6BE0A5009FF4E8 /* FirebaseSessions.framework */ = {isa = PBXFileReference; lastKnownFileType = wrapper.framework; path = FirebaseSessions.framework; sourceTree = "<group>"; };
		620662E02F6BE0A5009FF4E8 /* FirebaseSharedSwift.framework */ = {isa = PBXFileReference; lastKnownFileType = wrapper.framework; path = FirebaseSharedSwift.framework; sourceTree = "<group>"; };
		620662E12F6BE0A5009FF4E8 /* GoogleAppMeasurement.framework */ = {isa = PBXFileReference; lastKnownFileType = wrapper.framework; path = GoogleAppMeasurement.framework; sourceTree = "<group>"; };
		620662E22F6BE0A5009FF4E8 /* GoogleAppMeasurementIdentitySupport.framework */ = {isa = PBXFileReference; lastKnownFileType = wrapper.framework; path = GoogleAppMeasurementIdentitySupport.framework; sourceTree = "<group>"; };
		620662E32F6BE0A5009FF4E8 /* GoogleDataTransport.framework */ = {isa = PBXFileReference; lastKnownFileType = wrapper.framework; path = GoogleDataTransport.framework; sourceTree = "<group>"; };
		620662E42F6BE0A5009FF4E8 /* GoogleSignIn.framework */ = {isa = PBXFileReference; lastKnownFileType = wrapper.framework; path = GoogleSignIn.framework; sourceTree = "<group>"; };
		620662E52F6BE0A5009FF4E8 /* GoogleUtilities.framework */ = {isa = PBXFileReference; lastKnownFileType = wrapper.framework; path = GoogleUtilities.framework; sourceTree = "<group>"; };
		620662E62F6BE0A5009FF4E8 /* GTMAppAuth.framework */ = {isa = PBXFileReference; lastKnownFileType = wrapper.framework; path = GTMAppAuth.framework; sourceTree = "<group>"; };
		620662E72F6BE0A5009FF4E8 /* GTMSessionFetcher.framework */ = {isa = PBXFileReference; lastKnownFileType = wrapper.framework; path = GTMSessionFetcher.framework; sourceTree = "<group>"; };
		620662E82F6BE0A5009FF4E8 /* nanopb.framework */ = {isa = PBXFileReference; lastKnownFileType = wrapper.framework; path = nanopb.framework; sourceTree = "<group>"; };
		620662E92F6BE0A5009FF4E8 /* Promises.framework */ = {isa = PBXFileReference; lastKnownFileType = wrapper.framework; path = Promises.framework; sourceTree = "<group>"; };
		620662EB2F6BE0A5009FF4E8 /* absl.framework */ = {isa = PBXFileReference; lastKnownFileType = wrapper.framework; path = absl.framework; sourceTree = "<group>"; };
		620662EC2F6BE0A5009FF4E8 /* grpc.framework */ = {isa = PBXFileReference; lastKnownFileType = wrapper.framework; path = grpc.framework; sourceTree = "<group>"; };
		620662ED2F6BE0A5009FF4E8 /* GRPCClient.framework */ = {isa = PBXFileReference; lastKnownFileType = wrapper.framework; path = GRPCClient.framework; sourceTree = "<group>"; };
		620662EE2F6BE0A5009FF4E8 /* openssl_grpc.framework */ = {isa = PBXFileReference; lastKnownFileType = wrapper.framework; path = openssl_grpc.framework; sourceTree = "<group>"; };
		620662EF2F6BE0A5009FF4E8 /* Protobuf.framework */ = {isa = PBXFileReference; lastKnownFileType = wrapper.framework; path = Protobuf.framework; sourceTree = "<group>"; };
		620662F02F6BE0A5009FF4E8 /* ProtoRPC.framework */ = {isa = PBXFileReference; lastKnownFileType = wrapper.framework; path = ProtoRPC.framework; sourceTree = "<group>"; };
		620662F12F6BE0A5009FF4E8 /* RxLibrary.framework */ = {isa = PBXFileReference; lastKnownFileType = wrapper.framework; path = RxLibrary.framework; sourceTree = "<group>"; };
		620662F32F6BE0A5009FF4E8 /* AppleIAP.h */ = {isa = PBXFileReference; lastKnownFileType = sourcecode.c.h; path = AppleIAP.h; sourceTree = "<group>"; };
		620662F42F6BE0A5009FF4E8 /* CrashlyticsManager.h */ = {isa = PBXFileReference; lastKnownFileType = sourcecode.c.h; path = CrashlyticsManager.h; sourceTree = "<group>"; };
		620662F52F6BE0A5009FF4E8 /* FacebookManager.h */ = {isa = PBXFileReference; lastKnownFileType = sourcecode.c.h; path = FacebookManager.h; sourceTree = "<group>"; };
		620662F62F6BE0A5009FF4E8 /* FirebaseManager.h */ = {isa = PBXFileReference; lastKnownFileType = sourcecode.c.h; path = FirebaseManager.h; sourceTree = "<group>"; };
		620662F72F6BE0A5009FF4E8 /* GosuSDK.h */ = {isa = PBXFileReference; lastKnownFileType = sourcecode.c.h; path = GosuSDK.h; sourceTree = "<group>"; };
		620662F82F6BE0A5009FF4E8 /* GTrackingManager.h */ = {isa = PBXFileReference; lastKnownFileType = sourcecode.c.h; path = GTrackingManager.h; sourceTree = "<group>"; };
		620662F92F6BE0A5009FF4E8 /* IAPDataRequest.h */ = {isa = PBXFileReference; lastKnownFileType = sourcecode.c.h; path = IAPDataRequest.h; sourceTree = "<group>"; };
		620662FA2F6BE0A5009FF4E8 /* IAPDelegate.h */ = {isa = PBXFileReference; lastKnownFileType = sourcecode.c.h; path = IAPDelegate.h; sourceTree = "<group>"; };
		620662FB2F6BE0A5009FF4E8 /* LibSDKFramework.h */ = {isa = PBXFileReference; lastKnownFileType = sourcecode.c.h; path = LibSDKFramework.h; sourceTree = "<group>"; };
		620662FC2F6BE0A5009FF4E8 /* LoginDelegate.h */ = {isa = PBXFileReference; lastKnownFileType = sourcecode.c.h; path = LoginDelegate.h; sourceTree = "<group>"; };
		620662FD2F6BE0A5009FF4E8 /* SdkOption.h */ = {isa = PBXFileReference; lastKnownFileType = sourcecode.c.h; path = SdkOption.h; sourceTree = "<group>"; };
		620662FE2F6BE0A5009FF4E8 /* UserProfileResponse.h */ = {isa = PBXFileReference; lastKnownFileType = sourcecode.c.h; path = UserProfileResponse.h; sourceTree = "<group>"; };
		620663002F6BE0A5009FF4E8 /* ItsSDK.framework */ = {isa = PBXFileReference; lastKnownFileType = wrapper.framework; path = ItsSDK.framework; sourceTree = "<group>"; };
		620663012F6BE0A5009FF4E8 /* MetricsReporter.framework */ = {isa = PBXFileReference; lastKnownFileType = wrapper.framework; path = MetricsReporter.framework; sourceTree = "<group>"; };
		620663022F6BE0A5009FF4E8 /* RSCrashReporter.framework */ = {isa = PBXFileReference; lastKnownFileType = wrapper.framework; path = RSCrashReporter.framework; sourceTree = "<group>"; };
		620663032F6BE0A5009FF4E8 /* Rudder.framework */ = {isa = PBXFileReference; lastKnownFileType = wrapper.framework; path = Rudder.framework; sourceTree = "<group>"; };
		620663042F6BE0A5009FF4E8 /* RudderKit.framework */ = {isa = PBXFileReference; lastKnownFileType = wrapper.framework; path = RudderKit.framework; sourceTree = "<group>"; };
		6269C2182EB0C36E00C96AA1 /* libGosuSDK.a */ = {isa = PBXFileReference; lastKnownFileType = archive.ar; name = libGosuSDK.a; path = ../SDK/build/GosuSDK/iphoneos/libGosuSDK.a; sourceTree = SOURCE_ROOT; };
		6269C2192EB0C36E00C96AA1 /* SDKDataResource.bundle */ = {isa = PBXFileReference; lastKnownFileType = "wrapper.plug-in"; name = SDKDataResource.bundle; path = ../SDK/build/GosuSDK/iphoneos/SDKDataResource.bundle; sourceTree = SOURCE_ROOT; };
		8A5528C2211B324700F7E933 /* LaunchScreen.storyboard */ = {isa = PBXFileReference; fileEncoding = 4; lastKnownFileType = file.storyboard; path = LaunchScreen.storyboard; sourceTree = "<group>"; };
		8A5528C4211B330000F7E933 /* ap_logo.png */ = {isa = PBXFileReference; lastKnownFileType = image.png; path = ap_logo.png; sourceTree = "<group>"; };
		8A8334D821006C00007200B0 /* GosuApiV2.app */ = {isa = PBXFileReference; explicitFileType = wrapper.application; includeInIndex = 0; path = GosuApiV2.app; sourceTree = BUILT_PRODUCTS_DIR; };
		8A8334DB21006C00007200B0 /* AppDelegate.h */ = {isa = PBXFileReference; lastKnownFileType = sourcecode.c.h; path = AppDelegate.h; sourceTree = "<group>"; };
		8A8334DC21006C00007200B0 /* AppDelegate.m */ = {isa = PBXFileReference; lastKnownFileType = sourcecode.c.objc; path = AppDelegate.m; sourceTree = "<group>"; };
		8A8334E421006C01007200B0 /* Assets.xcassets */ = {isa = PBXFileReference; lastKnownFileType = folder.assetcatalog; path = Assets.xcassets; sourceTree = "<group>"; };
		8A8334E921006C01007200B0 /* Info.plist */ = {isa = PBXFileReference; lastKnownFileType = text.plist.xml; path = Info.plist; sourceTree = "<group>"; };
		8A8334EA21006C01007200B0 /* main.m */ = {isa = PBXFileReference; lastKnownFileType = sourcecode.c.objc; path = main.m; sourceTree = "<group>"; };
		8A8334F521006CD2007200B0 /* bg.jpg */ = {isa = PBXFileReference; lastKnownFileType = image.jpeg; path = bg.jpg; sourceTree = "<group>"; };
		8A8334F821006CD2007200B0 /* MainViewController.h */ = {isa = PBXFileReference; fileEncoding = 4; lastKnownFileType = sourcecode.c.h; path = MainViewController.h; sourceTree = "<group>"; };
		8A8334F921006CD2007200B0 /* MainViewController.m */ = {isa = PBXFileReference; fileEncoding = 4; lastKnownFileType = sourcecode.c.objc; path = MainViewController.m; sourceTree = "<group>"; };
		8A8334FA21006CD2007200B0 /* MainViewController.xib */ = {isa = PBXFileReference; fileEncoding = 4; lastKnownFileType = file.xib; path = MainViewController.xib; sourceTree = "<group>"; };
		8A83352521006DCC007200B0 /* MessageUI.framework */ = {isa = PBXFileReference; lastKnownFileType = wrapper.framework; name = MessageUI.framework; path = System/Library/Frameworks/MessageUI.framework; sourceTree = SDKROOT; };
		8A83352721006DD4007200B0 /* SystemConfiguration.framework */ = {isa = PBXFileReference; lastKnownFileType = wrapper.framework; name = SystemConfiguration.framework; path = System/Library/Frameworks/SystemConfiguration.framework; sourceTree = SDKROOT; };
		8A83352921006DDA007200B0 /* MobileCoreServices.framework */ = {isa = PBXFileReference; lastKnownFileType = wrapper.framework; name = MobileCoreServices.framework; path = System/Library/Frameworks/MobileCoreServices.framework; sourceTree = SDKROOT; };
		8A97A1BF233F03C20025F418 /* GosuApiv2_Demo.entitlements */ = {isa = PBXFileReference; lastKnownFileType = text.plist.entitlements; path = GosuApiv2_Demo.entitlements; sourceTree = "<group>"; };
		8A9A52CF212D1C6D0097A25C /* MediaPlayer.framework */ = {isa = PBXFileReference; lastKnownFileType = wrapper.framework; name = MediaPlayer.framework; path = System/Library/Frameworks/MediaPlayer.framework; sourceTree = SDKROOT; };
		8AB17D98239FCD6D0057AED5 /* AuthenticationServices.framework */ = {isa = PBXFileReference; lastKnownFileType = wrapper.framework; name = AuthenticationServices.framework; path = System/Library/Frameworks/AuthenticationServices.framework; sourceTree = SDKROOT; };
		CE2D707A2542CBE400499913 /* GoogleService-Info.plist */ = {isa = PBXFileReference; fileEncoding = 4; lastKnownFileType = text.plist.xml; path = "GoogleService-Info.plist"; sourceTree = "<group>"; };
		CE310E192B70F01700C3CB98 /* GosuBridge.h */ = {isa = PBXFileReference; lastKnownFileType = sourcecode.c.h; path = GosuBridge.h; sourceTree = "<group>"; };
		CE310E1D2B70F02100C3CB98 /* GosuBridge.m */ = {isa = PBXFileReference; lastKnownFileType = sourcecode.c.objc; path = GosuBridge.m; sourceTree = "<group>"; };
		CEE10E4027E0901F00129EBC /* GosuApiv2_Demo-Bridging-Header.h */ = {isa = PBXFileReference; lastKnownFileType = sourcecode.c.h; path = "GosuApiv2_Demo-Bridging-Header.h"; sourceTree = "<group>"; };
		CEE10E4127E0902000129EBC /* File.swift */ = {isa = PBXFileReference; lastKnownFileType = sourcecode.swift; path = File.swift; sourceTree = "<group>"; };
		CEE354F525B31CD00008F412 /* Accelerate.framework */ = {isa = PBXFileReference; lastKnownFileType = wrapper.framework; name = Accelerate.framework; path = System/Library/Frameworks/Accelerate.framework; sourceTree = SDKROOT; };
		CEF7BEBB25553C1200E22F64 /* TienKiemMobileDebug.entitlements */ = {isa = PBXFileReference; lastKnownFileType = text.plist.entitlements; path = TienKiemMobileDebug.entitlements; sourceTree = "<group>"; };
/* End PBXFileReference section */

/* Begin PBXFrameworksBuildPhase section */
		8A8334D521006C00007200B0 /* Frameworks */ = {
			isa = PBXFrameworksBuildPhase;
			buildActionMask = 2147483647;
			files = (
				6206637E2F6BE304009FF4E8 /* Promises.framework in Frameworks */,
				620663382F6BE24C009FF4E8 /* AuthenticationServices.framework in Frameworks */,
				620663862F6BE30D009FF4E8 /* Rudder.framework in Frameworks */,
				6206637C2F6BE303009FF4E8 /* openssl_grpc.framework in Frameworks */,
				6269C21B2EB0C36E00C96AA1 /* libGosuSDK.a in Frameworks */,
				620663742F6BE2F9009FF4E8 /* MessageUI.framework in Frameworks */,
				6206634A2F6BE2B7009FF4E8 /* FirebaseCoreExtension.framework in Frameworks */,
				6206634E2F6BE2C1009FF4E8 /* FirebaseCrashlytics.framework in Frameworks */,
				6206636C2F6BE2ED009FF4E8 /* GTMSessionFetcher.framework in Frameworks */,
				620663522F6BE2C6009FF4E8 /* FirebaseMessaging.framework in Frameworks */,
				620663642F6BE2DA009FF4E8 /* GoogleSignIn.framework in Frameworks */,
				6206637A2F6BE302009FF4E8 /* nanopb.framework in Frameworks */,
				620663322F6BE248009FF4E8 /* Accelerate.framework in Frameworks */,
				620663702F6BE2F4009FF4E8 /* ItsSDK.framework in Frameworks */,
				620663302F6BE244009FF4E8 /* absl.framework in Frameworks */,
				6206635E2F6BE2D3009FF4E8 /* GoogleAppMeasurement.framework in Frameworks */,
				620663402F6BE254009FF4E8 /* FBSDKCoreKit.framework in Frameworks */,
				620663422F6BE256009FF4E8 /* FBSDKLoginKit.framework in Frameworks */,
				620663502F6BE2C4009FF4E8 /* FirebaseInstallations.framework in Frameworks */,
				6206633A2F6BE24E009FF4E8 /* FBAEMKit.framework in Frameworks */,
				6206633E2F6BE251009FF4E8 /* FBSDKCoreKit_Basics.framework in Frameworks */,
				620663362F6BE24A009FF4E8 /* AppsFlyerLib.framework in Frameworks */,
				6206638C2F6BE312009FF4E8 /* SystemConfiguration.framework in Frameworks */,
				620663342F6BE249009FF4E8 /* AppAuth.framework in Frameworks */,
				620663662F6BE2DE009FF4E8 /* GoogleUtilities.framework in Frameworks */,
				620663462F6BE25D009FF4E8 /* FirebaseAnalytics.framework in Frameworks */,
				6206634C2F6BE2B8009FF4E8 /* FirebaseCoreInternal.framework in Frameworks */,
				620663762F6BE2FB009FF4E8 /* MetricsReporter.framework in Frameworks */,
				620663882F6BE30E009FF4E8 /* RudderKit.framework in Frameworks */,
				6206633C2F6BE24F009FF4E8 /* FBLPromises.framework in Frameworks */,
				620663582F6BE2CB009FF4E8 /* FirebaseRemoteConfigInterop.framework in Frameworks */,
				620663602F6BE2D6009FF4E8 /* GoogleAppMeasurementIdentitySupport.framework in Frameworks */,
				620663442F6BE258009FF4E8 /* FirebaseABTesting.framework in Frameworks */,
				620663682F6BE2DF009FF4E8 /* grpc.framework in Frameworks */,
				620663482F6BE260009FF4E8 /* FirebaseCore.framework in Frameworks */,
				620663542F6BE2C8009FF4E8 /* FirebasePerformance.framework in Frameworks */,
				620663562F6BE2CA009FF4E8 /* FirebaseRemoteConfig.framework in Frameworks */,
				6206636A2F6BE2EB009FF4E8 /* GRPCClient.framework in Frameworks */,
				620663822F6BE309009FF4E8 /* ProtoRPC.framework in Frameworks */,
				6206636E2F6BE2EE009FF4E8 /* GTMAppAuth.framework in Frameworks */,
				6206635A2F6BE2D0009FF4E8 /* FirebaseSessions.framework in Frameworks */,
				620663622F6BE2D7009FF4E8 /* GoogleDataTransport.framework in Frameworks */,
				6206635C2F6BE2D1009FF4E8 /* FirebaseSharedSwift.framework in Frameworks */,
				620663782F6BE2FF009FF4E8 /* MobileCoreServices.framework in Frameworks */,
				620663722F6BE2F8009FF4E8 /* MediaPlayer.framework in Frameworks */,
				620663842F6BE30A009FF4E8 /* RSCrashReporter.framework in Frameworks */,
				6206638A2F6BE311009FF4E8 /* RxLibrary.framework in Frameworks */,
				620663802F6BE307009FF4E8 /* Protobuf.framework in Frameworks */,
			);
			runOnlyForDeploymentPostprocessing = 0;
		};
/* End PBXFrameworksBuildPhase section */

/* Begin PBXGroup section */
		22470B112BB52746005C4B04 /* SDK */ = {
			isa = PBXGroup;
			children = (
				620663062F6BE0A5009FF4E8 /* GSinSDK_include */,
				6269C2182EB0C36E00C96AA1 /* libGosuSDK.a */,
				6269C2192EB0C36E00C96AA1 /* SDKDataResource.bundle */,
			);
			path = SDK;
			sourceTree = "<group>";
		};
		22D09CEA2C2F9A1900043100 /* Products */ = {
			isa = PBXGroup;
			children = (
				22D09CEF2C2F9A1900043100 /* libGosuSDK.a */,
				22D09CF12C2F9A1900043100 /* SDKDataResource.bundle */,
			);
			name = Products;
			sourceTree = "<group>";
		};
		620662CC2F6BE0A5009FF4E8 /* appslyer */ = {
			isa = PBXGroup;
			children = (
				620662CB2F6BE0A5009FF4E8 /* AppsFlyerLib.framework */,
			);
			path = appslyer;
			sourceTree = "<group>";
		};
		620662D12F6BE0A5009FF4E8 /* facebook */ = {
			isa = PBXGroup;
			children = (
				620662CD2F6BE0A5009FF4E8 /* FBAEMKit.framework */,
				620662CE2F6BE0A5009FF4E8 /* FBSDKCoreKit.framework */,
				620662CF2F6BE0A5009FF4E8 /* FBSDKCoreKit_Basics.framework */,
				620662D02F6BE0A5009FF4E8 /* FBSDKLoginKit.framework */,
			);
			path = facebook;
			sourceTree = "<group>";
		};
		620662EA2F6BE0A5009FF4E8 /* firebase */ = {
			isa = PBXGroup;
			children = (
				620662D22F6BE0A5009FF4E8 /* AppAuth.framework */,
				620662D32F6BE0A5009FF4E8 /* FBLPromises.framework */,
				620662D42F6BE0A5009FF4E8 /* FirebaseABTesting.framework */,
				620662D52F6BE0A5009FF4E8 /* FirebaseAnalytics.framework */,
				620662D62F6BE0A5009FF4E8 /* FirebaseCore.framework */,
				620662D72F6BE0A5009FF4E8 /* FirebaseCoreExtension.framework */,
				620662D82F6BE0A5009FF4E8 /* FirebaseCoreInternal.framework */,
				620662D92F6BE0A5009FF4E8 /* FirebaseCrashlytics.framework */,
				620662DA2F6BE0A5009FF4E8 /* FirebaseInstallations.framework */,
				620662DB2F6BE0A5009FF4E8 /* FirebaseMessaging.framework */,
				620662DC2F6BE0A5009FF4E8 /* FirebasePerformance.framework */,
				620662DD2F6BE0A5009FF4E8 /* FirebaseRemoteConfig.framework */,
				620662DE2F6BE0A5009FF4E8 /* FirebaseRemoteConfigInterop.framework */,
				620662DF2F6BE0A5009FF4E8 /* FirebaseSessions.framework */,
				620662E02F6BE0A5009FF4E8 /* FirebaseSharedSwift.framework */,
				620662E12F6BE0A5009FF4E8 /* GoogleAppMeasurement.framework */,
				620662E22F6BE0A5009FF4E8 /* GoogleAppMeasurementIdentitySupport.framework */,
				620662E32F6BE0A5009FF4E8 /* GoogleDataTransport.framework */,
				620662E42F6BE0A5009FF4E8 /* GoogleSignIn.framework */,
				620662E52F6BE0A5009FF4E8 /* GoogleUtilities.framework */,
				620662E62F6BE0A5009FF4E8 /* GTMAppAuth.framework */,
				620662E72F6BE0A5009FF4E8 /* GTMSessionFetcher.framework */,
				620662E82F6BE0A5009FF4E8 /* nanopb.framework */,
				620662E92F6BE0A5009FF4E8 /* Promises.framework */,
			);
			path = firebase;
			sourceTree = "<group>";
		};
		620662F22F6BE0A5009FF4E8 /* frameworks */ = {
			isa = PBXGroup;
			children = (
				620662EB2F6BE0A5009FF4E8 /* absl.framework */,
				620662EC2F6BE0A5009FF4E8 /* grpc.framework */,
				620662ED2F6BE0A5009FF4E8 /* GRPCClient.framework */,
				620662EE2F6BE0A5009FF4E8 /* openssl_grpc.framework */,
				620662EF2F6BE0A5009FF4E8 /* Protobuf.framework */,
				620662F02F6BE0A5009FF4E8 /* ProtoRPC.framework */,
				620662F12F6BE0A5009FF4E8 /* RxLibrary.framework */,
			);
			path = frameworks;
			sourceTree = "<group>";
		};
		620662FF2F6BE0A5009FF4E8 /* GosuSDK */ = {
			isa = PBXGroup;
			children = (
				620662F32F6BE0A5009FF4E8 /* AppleIAP.h */,
				620662F42F6BE0A5009FF4E8 /* CrashlyticsManager.h */,
				620662F52F6BE0A5009FF4E8 /* FacebookManager.h */,
				620662F62F6BE0A5009FF4E8 /* FirebaseManager.h */,
				620662F72F6BE0A5009FF4E8 /* GosuSDK.h */,
				620662F82F6BE0A5009FF4E8 /* GTrackingManager.h */,
				620662F92F6BE0A5009FF4E8 /* IAPDataRequest.h */,
				620662FA2F6BE0A5009FF4E8 /* IAPDelegate.h */,
				620662FB2F6BE0A5009FF4E8 /* LibSDKFramework.h */,
				620662FC2F6BE0A5009FF4E8 /* LoginDelegate.h */,
				620662FD2F6BE0A5009FF4E8 /* SdkOption.h */,
				620662FE2F6BE0A5009FF4E8 /* UserProfileResponse.h */,
			);
			path = GosuSDK;
			sourceTree = "<group>";
		};
		620663052F6BE0A5009FF4E8 /* its_xcframeworks */ = {
			isa = PBXGroup;
			children = (
				620663002F6BE0A5009FF4E8 /* ItsSDK.framework */,
				620663012F6BE0A5009FF4E8 /* MetricsReporter.framework */,
				620663022F6BE0A5009FF4E8 /* RSCrashReporter.framework */,
				620663032F6BE0A5009FF4E8 /* Rudder.framework */,
				620663042F6BE0A5009FF4E8 /* RudderKit.framework */,
			);
			path = its_xcframeworks;
			sourceTree = "<group>";
		};
		620663062F6BE0A5009FF4E8 /* GSinSDK_include */ = {
			isa = PBXGroup;
			children = (
				620662CC2F6BE0A5009FF4E8 /* appslyer */,
				620662D12F6BE0A5009FF4E8 /* facebook */,
				620662EA2F6BE0A5009FF4E8 /* firebase */,
				620662F22F6BE0A5009FF4E8 /* frameworks */,
				620662FF2F6BE0A5009FF4E8 /* GosuSDK */,
				620663052F6BE0A5009FF4E8 /* its_xcframeworks */,
			);
			name = GSinSDK_include;
			path = ../SDK/build/GosuSDK/iphoneos/GSinSDK_include;
			sourceTree = SOURCE_ROOT;
		};
		8A8334CF21006C00007200B0 = {
			isa = PBXGroup;
			children = (
				22D09CE92C2F9A1900043100 /* GinSDK.xcodeproj */,
				8A8334DA21006C00007200B0 /* GosuApiv2_Demo */,
				8A83352221006DBE007200B0 /* Frameworks */,
				8A8334D921006C00007200B0 /* Products */,
			);
			sourceTree = "<group>";
		};
		8A8334D921006C00007200B0 /* Products */ = {
			isa = PBXGroup;
			children = (
				8A8334D821006C00007200B0 /* GosuApiV2.app */,
			);
			name = Products;
			sourceTree = "<group>";
		};
		8A8334DA21006C00007200B0 /* GosuApiv2_Demo */ = {
			isa = PBXGroup;
			children = (
				22470B112BB52746005C4B04 /* SDK */,
				CEF7BEBB25553C1200E22F64 /* TienKiemMobileDebug.entitlements */,
				8A97A1BF233F03C20025F418 /* GosuApiv2_Demo.entitlements */,
				8A8334DB21006C00007200B0 /* AppDelegate.h */,
				CEE10E4127E0902000129EBC /* File.swift */,
				CE310E192B70F01700C3CB98 /* GosuBridge.h */,
				CE310E1D2B70F02100C3CB98 /* GosuBridge.m */,
				8A8334DC21006C00007200B0 /* AppDelegate.m */,
				8A8334E421006C01007200B0 /* Assets.xcassets */,
				8A8334F621006CD2007200B0 /* Classess */,
				8A8334E921006C01007200B0 /* Info.plist */,
				8A5528C2211B324700F7E933 /* LaunchScreen.storyboard */,
				8A8334EA21006C01007200B0 /* main.m */,
				8A8334F121006CD2007200B0 /* Resources */,
				CEE10E4027E0901F00129EBC /* GosuApiv2_Demo-Bridging-Header.h */,
			);
			path = GosuApiv2_Demo;
			sourceTree = "<group>";
		};
		8A8334F121006CD2007200B0 /* Resources */ = {
			isa = PBXGroup;
			children = (
				8A8334F221006CD2007200B0 /* GameInfo */,
				8A8334F421006CD2007200B0 /* Images */,
			);
			path = Resources;
			sourceTree = "<group>";
		};
		8A8334F221006CD2007200B0 /* GameInfo */ = {
			isa = PBXGroup;
			children = (
				CE2D707A2542CBE400499913 /* GoogleService-Info.plist */,
			);
			path = GameInfo;
			sourceTree = "<group>";
		};
		8A8334F421006CD2007200B0 /* Images */ = {
			isa = PBXGroup;
			children = (
				8A5528C4211B330000F7E933 /* ap_logo.png */,
				8A8334F521006CD2007200B0 /* bg.jpg */,
			);
			path = Images;
			sourceTree = "<group>";
		};
		8A8334F621006CD2007200B0 /* Classess */ = {
			isa = PBXGroup;
			children = (
				8A8334F721006CD2007200B0 /* Controller */,
			);
			path = Classess;
			sourceTree = "<group>";
		};
		8A8334F721006CD2007200B0 /* Controller */ = {
			isa = PBXGroup;
			children = (
				8A8334F821006CD2007200B0 /* MainViewController.h */,
				8A8334F921006CD2007200B0 /* MainViewController.m */,
				8A8334FA21006CD2007200B0 /* MainViewController.xib */,
			);
			path = Controller;
			sourceTree = "<group>";
		};
		8A83352221006DBE007200B0 /* Frameworks */ = {
			isa = PBXGroup;
			children = (
				CEE354F525B31CD00008F412 /* Accelerate.framework */,
				8AB17D98239FCD6D0057AED5 /* AuthenticationServices.framework */,
				8A9A52CF212D1C6D0097A25C /* MediaPlayer.framework */,
				8A83352521006DCC007200B0 /* MessageUI.framework */,
				8A83352921006DDA007200B0 /* MobileCoreServices.framework */,
				8A83352721006DD4007200B0 /* SystemConfiguration.framework */,
			);
			name = Frameworks;
			sourceTree = "<group>";
		};
/* End PBXGroup section */

/* Begin PBXNativeTarget section */
		8A8334D721006C00007200B0 /* GosuApiv2_Demo */ = {
			isa = PBXNativeTarget;
			buildConfigurationList = 8A8334EE21006C01007200B0 /* Build configuration list for PBXNativeTarget "GosuApiv2_Demo" */;
			buildPhases = (
				8A8334D421006C00007200B0 /* Sources */,
				8A8334D521006C00007200B0 /* Frameworks */,
				8A8334D621006C00007200B0 /* Resources */,
				12329B162CC8EFA50013240C /* Embed Frameworks */,
			);
			buildRules = (
			);
			dependencies = (
			);
			name = GosuApiv2_Demo;
			productName = GosuApiv2_Demo;
			productReference = 8A8334D821006C00007200B0 /* GosuApiV2.app */;
			productType = "com.apple.product-type.application";
		};
/* End PBXNativeTarget section */

/* Begin PBXProject section */
		8A8334D021006C00007200B0 /* Project object */ = {
			isa = PBXProject;
			attributes = {
				LastUpgradeCheck = 0940;
				ORGANIZATIONNAME = "Phan Phuoc Luong";
				TargetAttributes = {
					8A8334D721006C00007200B0 = {
						CreatedOnToolsVersion = 9.4;
						LastSwiftMigration = 1320;
					};
				};
			};
			buildConfigurationList = 8A8334D321006C00007200B0 /* Build configuration list for PBXProject "GosuApiv2_Demo" */;
			compatibilityVersion = "Xcode 9.3";
			developmentRegion = vi;
			hasScannedForEncodings = 0;
			knownRegions = (
				vi,
			);
			mainGroup = 8A8334CF21006C00007200B0;
			productRefGroup = 8A8334D921006C00007200B0 /* Products */;
			projectDirPath = "";
			projectReferences = (
				{
					ProductGroup = 22D09CEA2C2F9A1900043100 /* Products */;
					ProjectRef = 22D09CE92C2F9A1900043100 /* GinSDK.xcodeproj */;
				},
			);
			projectRoot = "";
			targets = (
				8A8334D721006C00007200B0 /* GosuApiv2_Demo */,
			);
		};
/* End PBXProject section */

/* Begin PBXReferenceProxy section */
		22D09CEF2C2F9A1900043100 /* libGosuSDK.a */ = {
			isa = PBXReferenceProxy;
			fileType = archive.ar;
			path = libGosuSDK.a;
			remoteRef = 22D09CEE2C2F9A1900043100 /* PBXContainerItemProxy */;
			sourceTree = BUILT_PRODUCTS_DIR;
		};
		22D09CF12C2F9A1900043100 /* SDKDataResource.bundle */ = {
			isa = PBXReferenceProxy;
			fileType = wrapper.cfbundle;
			path = SDKDataResource.bundle;
			remoteRef = 22D09CF02C2F9A1900043100 /* PBXContainerItemProxy */;
			sourceTree = BUILT_PRODUCTS_DIR;
		};
/* End PBXReferenceProxy section */

/* Begin PBXResourcesBuildPhase section */
		8A8334D621006C00007200B0 /* Resources */ = {
			isa = PBXResourcesBuildPhase;
			buildActionMask = 2147483647;
			files = (
				CE2D707B2542CBE400499913 /* GoogleService-Info.plist in Resources */,
				8A83351621006CD2007200B0 /* bg.jpg in Resources */,
				6269C2442EB0C36E00C96AA1 /* SDKDataResource.bundle in Resources */,
				8A8334E521006C01007200B0 /* Assets.xcassets in Resources */,
				8A5528C3211B324700F7E933 /* LaunchScreen.storyboard in Resources */,
				8A5528C5211B330000F7E933 /* ap_logo.png in Resources */,
				8A83351821006CD2007200B0 /* MainViewController.xib in Resources */,
			);
			runOnlyForDeploymentPostprocessing = 0;
		};
/* End PBXResourcesBuildPhase section */

/* Begin PBXSourcesBuildPhase section */
		8A8334D421006C00007200B0 /* Sources */ = {
			isa = PBXSourcesBuildPhase;
			buildActionMask = 2147483647;
			files = (
				CE310E1E2B70F02100C3CB98 /* GosuBridge.m in Sources */,
				8A8334EB21006C01007200B0 /* main.m in Sources */,
				CEE10E4227E0902000129EBC /* File.swift in Sources */,
				8A83351721006CD2007200B0 /* MainViewController.m in Sources */,
				8A8334DD21006C00007200B0 /* AppDelegate.m in Sources */,
			);
			runOnlyForDeploymentPostprocessing = 0;
		};
/* End PBXSourcesBuildPhase section */

/* Begin XCBuildConfiguration section */
		8A8334EC21006C01007200B0 /* Debug */ = {
			isa = XCBuildConfiguration;
			buildSettings = {
				ALWAYS_SEARCH_USER_PATHS = NO;
				CLANG_ANALYZER_NONNULL = YES;
				CLANG_ANALYZER_NUMBER_OBJECT_CONVERSION = YES_AGGRESSIVE;
				CLANG_CXX_LANGUAGE_STANDARD = "gnu++14";
				CLANG_CXX_LIBRARY = "libc++";
				CLANG_ENABLE_MODULES = YES;
				CLANG_ENABLE_OBJC_ARC = YES;
				CLANG_ENABLE_OBJC_WEAK = YES;
				CLANG_WARN_BLOCK_CAPTURE_AUTORELEASING = YES;
				CLANG_WARN_BOOL_CONVERSION = YES;
				CLANG_WARN_COMMA = YES;
				CLANG_WARN_CONSTANT_CONVERSION = YES;
				CLANG_WARN_DEPRECATED_OBJC_IMPLEMENTATIONS = YES;
				CLANG_WARN_DIRECT_OBJC_ISA_USAGE = YES_ERROR;
				CLANG_WARN_DOCUMENTATION_COMMENTS = YES;
				CLANG_WARN_EMPTY_BODY = YES;
				CLANG_WARN_ENUM_CONVERSION = YES;
				CLANG_WARN_INFINITE_RECURSION = YES;
				CLANG_WARN_INT_CONVERSION = YES;
				CLANG_WARN_NON_LITERAL_NULL_CONVERSION = YES;
				CLANG_WARN_OBJC_IMPLICIT_RETAIN_SELF = YES;
				CLANG_WARN_OBJC_LITERAL_CONVERSION = YES;
				CLANG_WARN_OBJC_ROOT_CLASS = YES_ERROR;
				CLANG_WARN_RANGE_LOOP_ANALYSIS = YES;
				CLANG_WARN_STRICT_PROTOTYPES = YES;
				CLANG_WARN_SUSPICIOUS_MOVE = YES;
				CLANG_WARN_UNGUARDED_AVAILABILITY = YES_AGGRESSIVE;
				CLANG_WARN_UNREACHABLE_CODE = YES;
				CLANG_WARN__DUPLICATE_METHOD_MATCH = YES;
				CODE_SIGNING_REQUIRED = NO;
				CODE_SIGN_IDENTITY = "iPhone Developer";
				CODE_SIGN_STYLE = Manual;
				COPY_PHASE_STRIP = NO;
				DEBUG_INFORMATION_FORMAT = "dwarf-with-dsym";
				DEVELOPMENT_TEAM = TX8U89X44Q;
				ENABLE_STRICT_OBJC_MSGSEND = YES;
				ENABLE_TESTABILITY = YES;
				GCC_C_LANGUAGE_STANDARD = gnu11;
				GCC_DYNAMIC_NO_PIC = NO;
				GCC_NO_COMMON_BLOCKS = YES;
				GCC_OPTIMIZATION_LEVEL = 0;
				GCC_PREPROCESSOR_DEFINITIONS = (
					"DEBUG=1",
					"$(inherited)",
				);
				GCC_WARN_64_TO_32_BIT_CONVERSION = YES;
				GCC_WARN_ABOUT_RETURN_TYPE = YES_ERROR;
				GCC_WARN_UNDECLARED_SELECTOR = YES;
				GCC_WARN_UNINITIALIZED_AUTOS = YES_AGGRESSIVE;
				GCC_WARN_UNUSED_FUNCTION = YES;
				GCC_WARN_UNUSED_VARIABLE = YES;
				IPHONEOS_DEPLOYMENT_TARGET = 13.0;
				MTL_ENABLE_DEBUG_INFO = YES;
				ONLY_ACTIVE_ARCH = YES;
				PROVISIONING_PROFILE = "cc3de4b7-fd8d-4311-8266-a8170999d557";
				SDKROOT = iphoneos;
			};
			name = Debug;
		};
		8A8334ED21006C01007200B0 /* Release */ = {
			isa = XCBuildConfiguration;
			buildSettings = {
				ALWAYS_SEARCH_USER_PATHS = NO;
				CLANG_ANALYZER_NONNULL = YES;
				CLANG_ANALYZER_NUMBER_OBJECT_CONVERSION = YES_AGGRESSIVE;
				CLANG_CXX_LANGUAGE_STANDARD = "gnu++14";
				CLANG_CXX_LIBRARY = "libc++";
				CLANG_ENABLE_MODULES = YES;
				CLANG_ENABLE_OBJC_ARC = YES;
				CLANG_ENABLE_OBJC_WEAK = YES;
				CLANG_WARN_BLOCK_CAPTURE_AUTORELEASING = YES;
				CLANG_WARN_BOOL_CONVERSION = YES;
				CLANG_WARN_COMMA = YES;
				CLANG_WARN_CONSTANT_CONVERSION = YES;
				CLANG_WARN_DEPRECATED_OBJC_IMPLEMENTATIONS = YES;
				CLANG_WARN_DIRECT_OBJC_ISA_USAGE = YES_ERROR;
				CLANG_WARN_DOCUMENTATION_COMMENTS = YES;
				CLANG_WARN_EMPTY_BODY = YES;
				CLANG_WARN_ENUM_CONVERSION = YES;
				CLANG_WARN_INFINITE_RECURSION = YES;
				CLANG_WARN_INT_CONVERSION = YES;
				CLANG_WARN_NON_LITERAL_NULL_CONVERSION = YES;
				CLANG_WARN_OBJC_IMPLICIT_RETAIN_SELF = YES;
				CLANG_WARN_OBJC_LITERAL_CONVERSION = YES;
				CLANG_WARN_OBJC_ROOT_CLASS = YES_ERROR;
				CLANG_WARN_RANGE_LOOP_ANALYSIS = YES;
				CLANG_WARN_STRICT_PROTOTYPES = YES;
				CLANG_WARN_SUSPICIOUS_MOVE = YES;
				CLANG_WARN_UNGUARDED_AVAILABILITY = YES_AGGRESSIVE;
				CLANG_WARN_UNREACHABLE_CODE = YES;
				CLANG_WARN__DUPLICATE_METHOD_MATCH = YES;
				CODE_SIGNING_REQUIRED = NO;
				CODE_SIGN_IDENTITY = "iPhone Distribution: DUO ONLINE CORPORATION (5BA4MALA2M)";
				CODE_SIGN_STYLE = Manual;
				COPY_PHASE_STRIP = NO;
				DEBUG_INFORMATION_FORMAT = "dwarf-with-dsym";
				DEVELOPMENT_TEAM = TX8U89X44Q;
				ENABLE_NS_ASSERTIONS = NO;
				ENABLE_STRICT_OBJC_MSGSEND = YES;
				GCC_C_LANGUAGE_STANDARD = gnu11;
				GCC_NO_COMMON_BLOCKS = YES;
				GCC_WARN_64_TO_32_BIT_CONVERSION = YES;
				GCC_WARN_ABOUT_RETURN_TYPE = YES_ERROR;
				GCC_WARN_UNDECLARED_SELECTOR = YES;
				GCC_WARN_UNINITIALIZED_AUTOS = YES_AGGRESSIVE;
				GCC_WARN_UNUSED_FUNCTION = YES;
				GCC_WARN_UNUSED_VARIABLE = YES;
				IPHONEOS_DEPLOYMENT_TARGET = 13.0;
				MTL_ENABLE_DEBUG_INFO = NO;
				PROVISIONING_PROFILE = "de127cf1-f1a3-4921-bbc4-77803ee832da";
				SDKROOT = iphoneos;
				VALIDATE_PRODUCT = YES;
			};
			name = Release;
		};
		8A8334EF21006C01007200B0 /* Debug */ = {
			isa = XCBuildConfiguration;
			buildSettings = {
				ASSETCATALOG_COMPILER_APPICON_NAME = AppIcon;
				CLANG_ENABLE_MODULES = YES;
				CODE_SIGNING_REQUIRED = "";
				CODE_SIGN_ENTITLEMENTS = GosuApiv2_Demo/TienKiemMobileDebug.entitlements;
				CODE_SIGN_IDENTITY = "Apple Development";
				CODE_SIGN_STYLE = Automatic;
				CURRENT_PROJECT_VERSION = 5;
				DEFINES_MODULE = YES;
				DEVELOPMENT_TEAM = 38V4PWC8D9;
				ENABLE_BITCODE = NO;
				FRAMEWORK_SEARCH_PATHS = (
					"$(inherited)",
					"$(BUILD_DIR)/Debug-iphoneos/",
					"$(PROJECT_DIR)/GosuApiv2_Demo/SDK",
					"$(PROJECT_DIR)/GosuApiv2_Demo/SDK/frameworks",
				);
				HEADER_SEARCH_PATHS = (
					"$(BUILD_DIR)/Debug-iphoneos/include/GinSDK",
					"$(PROJECT_DIR)/GosuApiv2_Demo/GameSDK",
					"$(PROJECT_DIR)/GosuApiv2_Demo/GSinSDK",
				);
				INFOPLIST_FILE = GosuApiv2_Demo/Info.plist;
				IPHONEOS_DEPLOYMENT_TARGET = 13.0;
				LD_RUNPATH_SEARCH_PATHS = (
					"$(inherited)",
					"@executable_path/Frameworks",
					"@loader_path/Frameworks",
				);
				LIBRARY_SEARCH_PATHS = (
					"$(BUILD_DIR)/Debug-iphoneos/",
					"$(PROJECT_DIR)/GosuApiv2_Demo/SDK",
				);
				MARKETING_VERSION = 1.0.0;
				ONLY_ACTIVE_ARCH = YES;
				OTHER_LDFLAGS = (
					"-ObjC",
					"-lc++",
					"-lz",
				);
				PRODUCT_BUNDLE_IDENTIFIER = com.id.toantest;
				PRODUCT_NAME = GosuApiV2;
				PROVISIONING_PROFILE = "";
				PROVISIONING_PROFILE_SPECIFIER = "";
				SUPPORTED_PLATFORMS = "iphoneos iphonesimulator";
				SUPPORTS_MACCATALYST = NO;
				SUPPORTS_MAC_DESIGNED_FOR_IPHONE_IPAD = NO;
				SUPPORTS_XR_DESIGNED_FOR_IPHONE_IPAD = NO;
				SWIFT_OBJC_BRIDGING_HEADER = "GosuApiv2_Demo/GosuApiv2_Demo-Bridging-Header.h";
				SWIFT_OPTIMIZATION_LEVEL = "-Onone";
				SWIFT_VERSION = 5.0;
				TARGETED_DEVICE_FAMILY = 1;
				USER_HEADER_SEARCH_PATHS = "";
			};
			name = Debug;
		};
		8A8334F021006C01007200B0 /* Release */ = {
			isa = XCBuildConfiguration;
			buildSettings = {
				ASSETCATALOG_COMPILER_APPICON_NAME = AppIcon;
				CLANG_ENABLE_MODULES = YES;
				CODE_SIGNING_REQUIRED = "";
				CODE_SIGN_ENTITLEMENTS = GosuApiv2_Demo/GosuApiv2_Demo.entitlements;
				CODE_SIGN_IDENTITY = "iPhone Distribution";
				CODE_SIGN_STYLE = Manual;
				CURRENT_PROJECT_VERSION = 5;
				DEFINES_MODULE = YES;
				DEVELOPMENT_TEAM = C48HYS5WZ8;
				"DEVELOPMENT_TEAM[sdk=iphoneos*]" = TX8U89X44Q;
				ENABLE_BITCODE = NO;
				FRAMEWORK_SEARCH_PATHS = (
					"$(inherited)",
					"$(BUILD_DIR)/Debug-iphoneos/",
					"$(PROJECT_DIR)/GosuApiv2_Demo/SDK",
					"$(PROJECT_DIR)/GosuApiv2_Demo/SDK/frameworks",
				);
				HEADER_SEARCH_PATHS = (
					"$(BUILD_DIR)/Debug-iphoneos/include/GinSDK",
					"$(PROJECT_DIR)/GosuApiv2_Demo/GameSDK",
					"$(PROJECT_DIR)/GosuApiv2_Demo/GSinSDK",
				);
				INFOPLIST_FILE = GosuApiv2_Demo/Info.plist;
				IPHONEOS_DEPLOYMENT_TARGET = 13.0;
				LD_RUNPATH_SEARCH_PATHS = (
					"$(inherited)",
					"@executable_path/Frameworks",
					"@loader_path/Frameworks",
				);
				LIBRARY_SEARCH_PATHS = (
					"$(inherited)",
					"$(PROJECT_DIR)/GosuApiv2_Demo/SDK_Lib",
					"$(PROJECT_DIR)/GosuApiv2_Demo/SDK_Lib/include",
					"$(PROJECT_DIR)/SDK_Lib",
					"$(PROJECT_DIR)/GosuApiv2_Demo",
					"$(PROJECT_DIR)/GosuApiv2_Demo/GosuSDK",
					"$(PROJECT_DIR)/GosuApiv2_Demo/SDK_LIB",
					"$(BUILD_DIR)/Debug-iphoneos/",
					"$(PROJECT_DIR)/GosuApiv2_Demo/include/GosuSDK",
					"$(PROJECT_DIR)",
					"$(PROJECT_DIR)/GosuApiv2_Demo/GameSDK",
					"$(PROJECT_DIR)/GosuApiv2_Demo/GinSDKv1.0.0",
				);
				MARKETING_VERSION = 1.0.0;
				ONLY_ACTIVE_ARCH = YES;
				OTHER_LDFLAGS = (
					"-ObjC",
					"-lc++",
					"-lz",
				);
				PRODUCT_BUNDLE_IDENTIFIER = vn.gosu.cuuam2d;
				PRODUCT_NAME = GosuApiV2;
				PROVISIONING_PROFILE = "";
				PROVISIONING_PROFILE_SPECIFIER = 929disprofile;
				"PROVISIONING_PROFILE_SPECIFIER[sdk=iphoneos*]" = iOS_Applestore_6971;
				SUPPORTED_PLATFORMS = "iphoneos iphonesimulator";
				SUPPORTS_MACCATALYST = NO;
				SUPPORTS_MAC_DESIGNED_FOR_IPHONE_IPAD = NO;
				SUPPORTS_XR_DESIGNED_FOR_IPHONE_IPAD = NO;
				SWIFT_OBJC_BRIDGING_HEADER = "GosuApiv2_Demo/GosuApiv2_Demo-Bridging-Header.h";
				SWIFT_VERSION = 5.0;
				TARGETED_DEVICE_FAMILY = 1;
				USER_HEADER_SEARCH_PATHS = "";
			};
			name = Release;
		};
		CE6BF9E627CE0331008EC577 /* Debug_lmbaoboi */ = {
			isa = XCBuildConfiguration;
			buildSettings = {
				ALWAYS_SEARCH_USER_PATHS = NO;
				CLANG_ANALYZER_NONNULL = YES;
				CLANG_ANALYZER_NUMBER_OBJECT_CONVERSION = YES_AGGRESSIVE;
				CLANG_CXX_LANGUAGE_STANDARD = "gnu++14";
				CLANG_CXX_LIBRARY = "libc++";
				CLANG_ENABLE_MODULES = YES;
				CLANG_ENABLE_OBJC_ARC = YES;
				CLANG_ENABLE_OBJC_WEAK = YES;
				CLANG_WARN_BLOCK_CAPTURE_AUTORELEASING = YES;
				CLANG_WARN_BOOL_CONVERSION = YES;
				CLANG_WARN_COMMA = YES;
				CLANG_WARN_CONSTANT_CONVERSION = YES;
				CLANG_WARN_DEPRECATED_OBJC_IMPLEMENTATIONS = YES;
				CLANG_WARN_DIRECT_OBJC_ISA_USAGE = YES_ERROR;
				CLANG_WARN_DOCUMENTATION_COMMENTS = YES;
				CLANG_WARN_EMPTY_BODY = YES;
				CLANG_WARN_ENUM_CONVERSION = YES;
				CLANG_WARN_INFINITE_RECURSION = YES;
				CLANG_WARN_INT_CONVERSION = YES;
				CLANG_WARN_NON_LITERAL_NULL_CONVERSION = YES;
				CLANG_WARN_OBJC_IMPLICIT_RETAIN_SELF = YES;
				CLANG_WARN_OBJC_LITERAL_CONVERSION = YES;
				CLANG_WARN_OBJC_ROOT_CLASS = YES_ERROR;
				CLANG_WARN_RANGE_LOOP_ANALYSIS = YES;
				CLANG_WARN_STRICT_PROTOTYPES = YES;
				CLANG_WARN_SUSPICIOUS_MOVE = YES;
				CLANG_WARN_UNGUARDED_AVAILABILITY = YES_AGGRESSIVE;
				CLANG_WARN_UNREACHABLE_CODE = YES;
				CLANG_WARN__DUPLICATE_METHOD_MATCH = YES;
				CODE_SIGNING_REQUIRED = NO;
				CODE_SIGN_IDENTITY = "iPhone Developer";
				CODE_SIGN_STYLE = Manual;
				COPY_PHASE_STRIP = NO;
				DEBUG_INFORMATION_FORMAT = "dwarf-with-dsym";
				DEVELOPMENT_TEAM = TX8U89X44Q;
				ENABLE_STRICT_OBJC_MSGSEND = YES;
				ENABLE_TESTABILITY = YES;
				GCC_C_LANGUAGE_STANDARD = gnu11;
				GCC_DYNAMIC_NO_PIC = NO;
				GCC_NO_COMMON_BLOCKS = YES;
				GCC_OPTIMIZATION_LEVEL = 0;
				GCC_PREPROCESSOR_DEFINITIONS = (
					"DEBUG=1",
					"$(inherited)",
				);
				GCC_WARN_64_TO_32_BIT_CONVERSION = YES;
				GCC_WARN_ABOUT_RETURN_TYPE = YES_ERROR;
				GCC_WARN_UNDECLARED_SELECTOR = YES;
				GCC_WARN_UNINITIALIZED_AUTOS = YES_AGGRESSIVE;
				GCC_WARN_UNUSED_FUNCTION = YES;
				GCC_WARN_UNUSED_VARIABLE = YES;
				IPHONEOS_DEPLOYMENT_TARGET = 13.0;
				MTL_ENABLE_DEBUG_INFO = YES;
				ONLY_ACTIVE_ARCH = YES;
				PROVISIONING_PROFILE = "cc3de4b7-fd8d-4311-8266-a8170999d557";
				SDKROOT = iphoneos;
			};
			name = Debug_lmbaoboi;
		};
		CE6BF9E727CE0331008EC577 /* Debug_lmbaoboi */ = {
			isa = XCBuildConfiguration;
			buildSettings = {
				ASSETCATALOG_COMPILER_APPICON_NAME = AppIcon;
				CLANG_ENABLE_MODULES = YES;
				CODE_SIGNING_REQUIRED = "";
				CODE_SIGN_ENTITLEMENTS = GosuApiv2_Demo/TienKiemMobileDebug.entitlements;
				CODE_SIGN_IDENTITY = "iPhone Developer";
				"CODE_SIGN_IDENTITY[sdk=iphoneos*]" = "iPhone Developer";
				CODE_SIGN_STYLE = Manual;
				CURRENT_PROJECT_VERSION = 5;
				DEFINES_MODULE = YES;
				DEVELOPMENT_TEAM = 5BA4MALA2M;
				"DEVELOPMENT_TEAM[sdk=iphoneos*]" = ZJ5295VJK8;
				ENABLE_BITCODE = NO;
				FRAMEWORK_SEARCH_PATHS = (
					"$(inherited)",
					"$(BUILD_DIR)/Debug-iphoneos/",
					"$(PROJECT_DIR)/GosuApiv2_Demo/SDK",
					"$(PROJECT_DIR)/GosuApiv2_Demo/SDK/frameworks",
				);
				HEADER_SEARCH_PATHS = (
					"$(BUILD_DIR)/Debug-iphoneos/include/GinSDK",
					"$(PROJECT_DIR)/GosuApiv2_Demo/GameSDK",
					"$(PROJECT_DIR)/GosuApiv2_Demo/GSinSDK",
				);
				INFOPLIST_FILE = GosuApiv2_Demo/Info.plist;
				IPHONEOS_DEPLOYMENT_TARGET = 13.0;
				LD_RUNPATH_SEARCH_PATHS = (
					"$(inherited)",
					"@executable_path/Frameworks",
					"@loader_path/Frameworks",
				);
				LIBRARY_SEARCH_PATHS = (
					"$(BUILD_DIR)/Debug-iphoneos/",
					"$(BUILD_DIR)/Debug-iphoneos/include/GameSDK",
					"$(PROJECT_DIR)/GosuApiv2_Demo/GameSDK",
					"$(PROJECT_DIR)/GosuApiv2_Demo/GinSDKv1.0.0",
				);
				MARKETING_VERSION = 1.0.0;
				ONLY_ACTIVE_ARCH = YES;
				OTHER_LDFLAGS = (
					"-ObjC",
					"-lc++",
					"-lz",
				);
				PRODUCT_BUNDLE_IDENTIFIER = com.magiclg.sea;
				PRODUCT_NAME = GosuApiV2;
				PROVISIONING_PROFILE = "";
				PROVISIONING_PROFILE_SPECIFIER = 356_digi_dev;
				"PROVISIONING_PROFILE_SPECIFIER[sdk=iphoneos*]" = "iOS-DevMg-4";
				SUPPORTED_PLATFORMS = "iphoneos iphonesimulator";
				SUPPORTS_MACCATALYST = NO;
				SUPPORTS_MAC_DESIGNED_FOR_IPHONE_IPAD = NO;
				SUPPORTS_XR_DESIGNED_FOR_IPHONE_IPAD = NO;
				SWIFT_OBJC_BRIDGING_HEADER = "GosuApiv2_Demo/GosuApiv2_Demo-Bridging-Header.h";
				SWIFT_OPTIMIZATION_LEVEL = "-Onone";
				SWIFT_VERSION = 5.0;
				TARGETED_DEVICE_FAMILY = 1;
				USER_HEADER_SEARCH_PATHS = "";
			};
			name = Debug_lmbaoboi;
		};
/* End XCBuildConfiguration section */

/* Begin XCConfigurationList section */
		8A8334D321006C00007200B0 /* Build configuration list for PBXProject "GosuApiv2_Demo" */ = {
			isa = XCConfigurationList;
			buildConfigurations = (
				8A8334EC21006C01007200B0 /* Debug */,
				CE6BF9E627CE0331008EC577 /* Debug_lmbaoboi */,
				8A8334ED21006C01007200B0 /* Release */,
			);
			defaultConfigurationIsVisible = 0;
			defaultConfigurationName = Debug;
		};
		8A8334EE21006C01007200B0 /* Build configuration list for PBXNativeTarget "GosuApiv2_Demo" */ = {
			isa = XCConfigurationList;
			buildConfigurations = (
				8A8334EF21006C01007200B0 /* Debug */,
				CE6BF9E727CE0331008EC577 /* Debug_lmbaoboi */,
				8A8334F021006C01007200B0 /* Release */,
			);
			defaultConfigurationIsVisible = 0;
			defaultConfigurationName = Debug;
		};
/* End XCConfigurationList section */
	};
	rootObject = 8A8334D021006C00007200B0 /* Project object */;
}
